// !$*UTF8*$!
{
	archiveVersion = 1;
	classes = {
	};
	objectVersion = 46;
	objects = {

/* Begin PBXBuildFile section */
		0F6C6FD494D37E5EC5C72DAD /* Pods_Ohel_Shem.framework in Frameworks */ = {isa = PBXBuildFile; fileRef = 496241EA08DAEDC57EB7A8D4 /* Pods_Ohel_Shem.framework */; settings = {ATTRIBUTES = (Weak, ); }; };
		8D00BFC61A6166AB0098A608 /* FBShimmeringLayer.m in Sources */ = {isa = PBXBuildFile; fileRef = 8D00BFC31A6166AB0098A608 /* FBShimmeringLayer.m */; };
		8D00BFC71A6166AB0098A608 /* FBShimmeringView.m in Sources */ = {isa = PBXBuildFile; fileRef = 8D00BFC51A6166AB0098A608 /* FBShimmeringView.m */; };
		8D00BFD71A6458FC0098A608 /* MainHomePage.swift in Sources */ = {isa = PBXBuildFile; fileRef = 8D00BFD61A6458FC0098A608 /* MainHomePage.swift */; };
		8D00BFD91A6469A10098A608 /* 0slidecell.png in Resources */ = {isa = PBXBuildFile; fileRef = 8D00BFD81A6469A10098A608 /* 0slidecell.png */; };
		8D05A7711BADC09E007C01E0 /* UIExtensions.swift in Sources */ = {isa = PBXBuildFile; fileRef = 8D05A7701BADC09E007C01E0 /* UIExtensions.swift */; };
		8D0800F01A7E40D0001A92D4 /* Loading-Animation-iOS-Samsel.license in Resources */ = {isa = PBXBuildFile; fileRef = 8D0800EF1A7E40D0001A92D4 /* Loading-Animation-iOS-Samsel.license */; };
		8D1157211A7679C00073CB5F /* Settings.bundle in Resources */ = {isa = PBXBuildFile; fileRef = 8D1157201A7679C00073CB5F /* Settings.bundle */; };
		8D1157281A767BDE0073CB5F /* iRate.license in Resources */ = {isa = PBXBuildFile; fileRef = 8D1157271A767BDE0073CB5F /* iRate.license */; };
		8D11572A1A767C0E0073CB5F /* Siren.license in Resources */ = {isa = PBXBuildFile; fileRef = 8D1157291A767C0E0073CB5F /* Siren.license */; };
		8D11572C1A767C460073CB5F /* AMSlideMenu.license in Resources */ = {isa = PBXBuildFile; fileRef = 8D11572B1A767C460073CB5F /* AMSlideMenu.license */; };
		8D11572E1A767C870073CB5F /* FBShimmering.license in Resources */ = {isa = PBXBuildFile; fileRef = 8D11572D1A767C870073CB5F /* FBShimmering.license */; };
		8D1157301A767CC30073CB5F /* WSCoachMarksView.license in Resources */ = {isa = PBXBuildFile; fileRef = 8D11572F1A767CC30073CB5F /* WSCoachMarksView.license */; };
		8D1157321A767D4A0073CB5F /* Alef.license in Resources */ = {isa = PBXBuildFile; fileRef = 8D1157311A767D4A0073CB5F /* Alef.license */; };
		8D1157341A7680AD0073CB5F /* Acknowledgements.py in Resources */ = {isa = PBXBuildFile; fileRef = 8D1157331A7680AD0073CB5F /* Acknowledgements.py */; };
		8D1157371A76813D0073CB5F /* CFSSpringTableView.license in Resources */ = {isa = PBXBuildFile; fileRef = 8D1157361A76813D0073CB5F /* CFSSpringTableView.license */; };
		8D1169CD1A72EE0400B59241 /* WSCoachMarksView.m in Sources */ = {isa = PBXBuildFile; fileRef = 8D1169C81A72EE0400B59241 /* WSCoachMarksView.m */; };
		8D1169CE1A72EE0400B59241 /* WSCoachMarksView.podspec in Resources */ = {isa = PBXBuildFile; fileRef = 8D1169C91A72EE0400B59241 /* WSCoachMarksView.podspec */; };
		8D13C0B01A8F718500B3472A /* LaunchImages7.xcassets in Resources */ = {isa = PBXBuildFile; fileRef = 8D13C0AF1A8F718500B3472A /* LaunchImages7.xcassets */; };
		8D1DD7E11A613B3D000B9C9A /* EventKit.framework in Frameworks */ = {isa = PBXBuildFile; fileRef = 8D1DD7E01A613B3D000B9C9A /* EventKit.framework */; };
		8D3FAF1A1A5352BA0008EB99 /* libxml2.dylib in Frameworks */ = {isa = PBXBuildFile; fileRef = 8D3FAF181A53521F0008EB99 /* libxml2.dylib */; };
		8D3FAF2C1A535AF40008EB99 /* TestSys.swift in Sources */ = {isa = PBXBuildFile; fileRef = 8D3FAF2B1A535AF40008EB99 /* TestSys.swift */; };
		8D3FAF2E1A535BB10008EB99 /* HourSys.swift in Sources */ = {isa = PBXBuildFile; fileRef = 8D3FAF2D1A535BB10008EB99 /* HourSys.swift */; };
		8D3FAF361A53BDF60008EB99 /* NotificationCenter.framework in Frameworks */ = {isa = PBXBuildFile; fileRef = 8D3FAF351A53BDF60008EB99 /* NotificationCenter.framework */; };
		8D3FAF3B1A53BDF60008EB99 /* TodayViewController.swift in Sources */ = {isa = PBXBuildFile; fileRef = 8D3FAF3A1A53BDF60008EB99 /* TodayViewController.swift */; };
		8D3FAF3D1A53BDF60008EB99 /* MainInterface.storyboard in Resources */ = {isa = PBXBuildFile; fileRef = 8D3FAF3C1A53BDF60008EB99 /* MainInterface.storyboard */; };
		8D3FAF401A53BDF60008EB99 /* Ohel-Shem Ext.appex in Embed App Extensions */ = {isa = PBXBuildFile; fileRef = 8D3FAF331A53BDF60008EB99 /* Ohel-Shem Ext.appex */; settings = {ATTRIBUTES = (RemoveHeadersOnCopy, ); }; };
		8D3FAF471A542B680008EB99 /* SettingsController.swift in Sources */ = {isa = PBXBuildFile; fileRef = 8D3FAF461A542B680008EB99 /* SettingsController.swift */; };
		8D3FAF491A542D490008EB99 /* list23.png in Resources */ = {isa = PBXBuildFile; fileRef = 8D3FAF481A542D490008EB99 /* list23.png */; };
		8D3FAF5D1A5480B30008EB99 /* SchoolTerms.swift in Sources */ = {isa = PBXBuildFile; fileRef = 8D3FAF5C1A5480B30008EB99 /* SchoolTerms.swift */; };
		8D41A7DB1A53341800168254 /* AppDelegate.swift in Sources */ = {isa = PBXBuildFile; fileRef = 8D41A7DA1A53341800168254 /* AppDelegate.swift */; };
		8D41A7DD1A53341800168254 /* MainViewController.swift in Sources */ = {isa = PBXBuildFile; fileRef = 8D41A7DC1A53341800168254 /* MainViewController.swift */; };
		8D41A7E01A53341800168254 /* Main.storyboard in Resources */ = {isa = PBXBuildFile; fileRef = 8D41A7DE1A53341800168254 /* Main.storyboard */; };
		8D41A7E21A53341800168254 /* Images.xcassets in Resources */ = {isa = PBXBuildFile; fileRef = 8D41A7E11A53341800168254 /* Images.xcassets */; };
		8D41A7E51A53341800168254 /* LaunchScreen.xib in Resources */ = {isa = PBXBuildFile; fileRef = 8D41A7E31A53341800168254 /* LaunchScreen.xib */; };
		8D41A7F11A53341800168254 /* Ohel_ShemTests.swift in Sources */ = {isa = PBXBuildFile; fileRef = 8D41A7F01A53341800168254 /* Ohel_ShemTests.swift */; };
		8D41A8131A5335CD00168254 /* SlideMenu.swift in Sources */ = {isa = PBXBuildFile; fileRef = 8D41A8121A5335CD00168254 /* SlideMenu.swift */; };
		8D41A8151A5338C700168254 /* ChangesSys.swift in Sources */ = {isa = PBXBuildFile; fileRef = 8D41A8141A5338C700168254 /* ChangesSys.swift */; };
		8D65ABAF1BC0764900CE1442 /* tests9.json in Resources */ = {isa = PBXBuildFile; fileRef = 8D65ABAB1BC0764900CE1442 /* tests9.json */; };
		8D65ABB01BC0764900CE1442 /* tests10.json in Resources */ = {isa = PBXBuildFile; fileRef = 8D65ABAC1BC0764900CE1442 /* tests10.json */; };
		8D65ABB11BC0764900CE1442 /* tests11.json in Resources */ = {isa = PBXBuildFile; fileRef = 8D65ABAD1BC0764900CE1442 /* tests11.json */; };
		8D65ABB21BC0764900CE1442 /* tests12.json in Resources */ = {isa = PBXBuildFile; fileRef = 8D65ABAE1BC0764900CE1442 /* tests12.json */; };
		8D65ABC51BC1CF9D00CE1442 /* AMSlideMenuContentSegue.m in Sources */ = {isa = PBXBuildFile; fileRef = 8D65ABB71BC1CF9D00CE1442 /* AMSlideMenuContentSegue.m */; };
		8D65ABC61BC1CF9D00CE1442 /* AMSlideMenuLeftMenuSegue.m in Sources */ = {isa = PBXBuildFile; fileRef = 8D65ABB91BC1CF9D00CE1442 /* AMSlideMenuLeftMenuSegue.m */; };
		8D65ABC71BC1CF9D00CE1442 /* AMSlideMenuLeftTableViewController.m in Sources */ = {isa = PBXBuildFile; fileRef = 8D65ABBB1BC1CF9D00CE1442 /* AMSlideMenuLeftTableViewController.m */; };
		8D65ABC81BC1CF9D00CE1442 /* AMSlideMenuMainViewController.m in Sources */ = {isa = PBXBuildFile; fileRef = 8D65ABBD1BC1CF9D00CE1442 /* AMSlideMenuMainViewController.m */; };
		8D65ABC91BC1CF9D00CE1442 /* AMSlideMenuRightMenuSegue.m in Sources */ = {isa = PBXBuildFile; fileRef = 8D65ABC01BC1CF9D00CE1442 /* AMSlideMenuRightMenuSegue.m */; };
		8D65ABCA1BC1CF9D00CE1442 /* AMSlideMenuRightTableViewController.m in Sources */ = {isa = PBXBuildFile; fileRef = 8D65ABC21BC1CF9D00CE1442 /* AMSlideMenuRightTableViewController.m */; };
		8D65ABCB1BC1CF9D00CE1442 /* UIViewController+AMSlideMenu.m in Sources */ = {isa = PBXBuildFile; fileRef = 8D65ABC41BC1CF9D00CE1442 /* UIViewController+AMSlideMenu.m */; };
		8D74886B1BA4432B0002E331 /* timetable.json in Resources */ = {isa = PBXBuildFile; fileRef = 8D74886A1BA4432B0002E331 /* timetable.json */; };
		8D74886D1BA6AFC60002E331 /* ohel.png in Resources */ = {isa = PBXBuildFile; fileRef = 8D74886C1BA6AFC60002E331 /* ohel.png */; };
		8D79378E1BD8C1C600C71741 /* Bolts.framework in Frameworks */ = {isa = PBXBuildFile; fileRef = 8D79378C1BD8C1C600C71741 /* Bolts.framework */; };
		8D79378F1BD8C1C600C71741 /* Parse.framework in Frameworks */ = {isa = PBXBuildFile; fileRef = 8D79378D1BD8C1C600C71741 /* Parse.framework */; };
		8D7937911BD8C23C00C71741 /* AudioToolbox.framework in Frameworks */ = {isa = PBXBuildFile; fileRef = 8D7937901BD8C23C00C71741 /* AudioToolbox.framework */; };
		8D7937931BD8C24400C71741 /* CFNetwork.framework in Frameworks */ = {isa = PBXBuildFile; fileRef = 8D7937921BD8C24400C71741 /* CFNetwork.framework */; };
		8D7937951BD8C24C00C71741 /* CoreGraphics.framework in Frameworks */ = {isa = PBXBuildFile; fileRef = 8D7937941BD8C24C00C71741 /* CoreGraphics.framework */; };
		8D7937971BD8C25200C71741 /* CoreLocation.framework in Frameworks */ = {isa = PBXBuildFile; fileRef = 8D7937961BD8C25200C71741 /* CoreLocation.framework */; };
		8D7937991BD8C25A00C71741 /* QuartzCore.framework in Frameworks */ = {isa = PBXBuildFile; fileRef = 8D7937981BD8C25A00C71741 /* QuartzCore.framework */; };
		8D79379B1BD8C26600C71741 /* StoreKit.framework in Frameworks */ = {isa = PBXBuildFile; fileRef = 8D79379A1BD8C26600C71741 /* StoreKit.framework */; };
		8D79379D1BD8C27D00C71741 /* libsqlite3.tbd in Frameworks */ = {isa = PBXBuildFile; fileRef = 8D79379C1BD8C27D00C71741 /* libsqlite3.tbd */; };
		8D79379F1BD8C28600C71741 /* Accounts.framework in Frameworks */ = {isa = PBXBuildFile; fileRef = 8D79379E1BD8C28600C71741 /* Accounts.framework */; };
		8D7937A11BD8C28D00C71741 /* Social.framework in Frameworks */ = {isa = PBXBuildFile; fileRef = 8D7937A01BD8C28D00C71741 /* Social.framework */; };
		8D8133111A73F61B0021F959 /* SchoolWebsiteDataManager.swift in Sources */ = {isa = PBXBuildFile; fileRef = 8D8133101A73F61B0021F959 /* SchoolWebsiteDataManager.swift */; };
		8D861FEA1A6D363B005EEA7A /* HourSystemViewControllerManager.swift in Sources */ = {isa = PBXBuildFile; fileRef = 8D861FE91A6D363B005EEA7A /* HourSystemViewControllerManager.swift */; };
		8D861FED1A6F896E005EEA7A /* Alef-Regular.ttf in Resources */ = {isa = PBXBuildFile; fileRef = 8D861FEC1A6F896E005EEA7A /* Alef-Regular.ttf */; };
		8D861FEF1A6F8976005EEA7A /* Alef-Bold.ttf in Resources */ = {isa = PBXBuildFile; fileRef = 8D861FEE1A6F8976005EEA7A /* Alef-Bold.ttf */; };
		8D861FF21A724A8D005EEA7A /* CustomTestCell.swift in Sources */ = {isa = PBXBuildFile; fileRef = 8D861FF11A724A8C005EEA7A /* CustomTestCell.swift */; };
		8DB35B3C1A87B64A00F028EA /* 4slidecell.png in Resources */ = {isa = PBXBuildFile; fileRef = 8DB35B3B1A87B64A00F028EA /* 4slidecell.png */; };
		8DB35B3E1A87B6AA00F028EA /* MBProgressHUD.license in Resources */ = {isa = PBXBuildFile; fileRef = 8DB35B3D1A87B6AA00F028EA /* MBProgressHUD.license */; };
		8DB35B6A1A89415000F028EA /* .travis.yml in Resources */ = {isa = PBXBuildFile; fileRef = 8DB35B411A89415000F028EA /* .travis.yml */; };
		8DB35B7E1A89415000F028EA /* MBProgressHUD.m in Sources */ = {isa = PBXBuildFile; fileRef = 8DB35B621A89415000F028EA /* MBProgressHUD.m */; };
		8DB35B7F1A89415000F028EA /* MBProgressHUD.podspec in Resources */ = {isa = PBXBuildFile; fileRef = 8DB35B631A89415000F028EA /* MBProgressHUD.podspec */; };
		8DB35B801A89415000F028EA /* MBProgressHUD.xcworkspace in Resources */ = {isa = PBXBuildFile; fileRef = 8DB35B671A89415000F028EA /* MBProgressHUD.xcworkspace */; };
		8DC8971A1AA769E9009C2D7C /* WebKit.framework in Frameworks */ = {isa = PBXBuildFile; fileRef = 8DC897191AA769E9009C2D7C /* WebKit.framework */; settings = {ATTRIBUTES = (Weak, ); }; };
		8DE4C8741BA3815200AAFF9F /* libc++.tbd in Frameworks */ = {isa = PBXBuildFile; fileRef = 8DE4C8731BA3815200AAFF9F /* libc++.tbd */; };
		8DE4C8761BA3815A00AAFF9F /* libz.tbd in Frameworks */ = {isa = PBXBuildFile; fileRef = 8DE4C8751BA3815A00AAFF9F /* libz.tbd */; };
		8DE4C8781BA3817600AAFF9F /* Security.framework in Frameworks */ = {isa = PBXBuildFile; fileRef = 8DE4C8771BA3817600AAFF9F /* Security.framework */; };
		8DE4C87A1BA3817C00AAFF9F /* SystemConfiguration.framework in Frameworks */ = {isa = PBXBuildFile; fileRef = 8DE4C8791BA3817C00AAFF9F /* SystemConfiguration.framework */; };
		8DE5079C1A6007D80015C96D /* HTMLComment.m in Sources */ = {isa = PBXBuildFile; fileRef = 8DE507781A6007D80015C96D /* HTMLComment.m */; };
		8DE5079D1A6007D80015C96D /* HTMLDocument.m in Sources */ = {isa = PBXBuildFile; fileRef = 8DE5077A1A6007D80015C96D /* HTMLDocument.m */; };
		8DE5079E1A6007D80015C96D /* HTMLDocumentType.m in Sources */ = {isa = PBXBuildFile; fileRef = 8DE5077C1A6007D80015C96D /* HTMLDocumentType.m */; };
		8DE5079F1A6007D80015C96D /* HTMLElement.m in Sources */ = {isa = PBXBuildFile; fileRef = 8DE5077E1A6007D80015C96D /* HTMLElement.m */; };
		8DE507A01A6007D80015C96D /* HTMLEntities.m in Sources */ = {isa = PBXBuildFile; fileRef = 8DE507801A6007D80015C96D /* HTMLEntities.m */; };
		8DE507A11A6007D80015C96D /* HTMLNode.m in Sources */ = {isa = PBXBuildFile; fileRef = 8DE507831A6007D80015C96D /* HTMLNode.m */; };
		8DE507A21A6007D80015C96D /* HTMLOrderedDictionary.m in Sources */ = {isa = PBXBuildFile; fileRef = 8DE507851A6007D80015C96D /* HTMLOrderedDictionary.m */; settings = {COMPILER_FLAGS = "-w"; }; };
		8DE507A31A6007D80015C96D /* HTMLParser.m in Sources */ = {isa = PBXBuildFile; fileRef = 8DE507871A6007D80015C96D /* HTMLParser.m */; };
		8DE507A41A6007D80015C96D /* HTMLPreprocessedInputStream.m in Sources */ = {isa = PBXBuildFile; fileRef = 8DE507891A6007D80015C96D /* HTMLPreprocessedInputStream.m */; };
		8DE507A51A6007D80015C96D /* HTMLSelector.m in Sources */ = {isa = PBXBuildFile; fileRef = 8DE5078D1A6007D80015C96D /* HTMLSelector.m */; };
		8DE507A61A6007D80015C96D /* HTMLSerialization.m in Sources */ = {isa = PBXBuildFile; fileRef = 8DE5078F1A6007D80015C96D /* HTMLSerialization.m */; };
		8DE507A71A6007D80015C96D /* HTMLString.m in Sources */ = {isa = PBXBuildFile; fileRef = 8DE507911A6007D80015C96D /* HTMLString.m */; };
		8DE507A81A6007D80015C96D /* HTMLTextNode.m in Sources */ = {isa = PBXBuildFile; fileRef = 8DE507941A6007D80015C96D /* HTMLTextNode.m */; };
		8DE507A91A6007D80015C96D /* HTMLTokenizer.m in Sources */ = {isa = PBXBuildFile; fileRef = 8DE507961A6007D80015C96D /* HTMLTokenizer.m */; };
		8DE507AA1A6007D80015C96D /* HTMLTreeEnumerator.m in Sources */ = {isa = PBXBuildFile; fileRef = 8DE507991A6007D80015C96D /* HTMLTreeEnumerator.m */; };
		8DE507AB1A6007D80015C96D /* NSString+HTMLEntities.m in Sources */ = {isa = PBXBuildFile; fileRef = 8DE5079B1A6007D80015C96D /* NSString+HTMLEntities.m */; };
		8DE7C92C1A549AC200190B79 /* iRate.bundle in Resources */ = {isa = PBXBuildFile; fileRef = 8DE7C9291A549AC200190B79 /* iRate.bundle */; };
		8DE7C92D1A549AC200190B79 /* iRate.m in Sources */ = {isa = PBXBuildFile; fileRef = 8DE7C92B1A549AC200190B79 /* iRate.m */; };
		8DE7C93A1A55780D00190B79 /* logo.gif in Resources */ = {isa = PBXBuildFile; fileRef = 8DE7C9391A55780D00190B79 /* logo.gif */; };
		8DE7C9401A55FE0000190B79 /* CustomMenuCell.swift in Sources */ = {isa = PBXBuildFile; fileRef = 8DE7C93F1A55FE0000190B79 /* CustomMenuCell.swift */; };
		8DE7C9421A56CBDF00190B79 /* FirstTimeHere.swift in Sources */ = {isa = PBXBuildFile; fileRef = 8DE7C9411A56CBDF00190B79 /* FirstTimeHere.swift */; };
		8DE7C94F1A56D54000190B79 /* NewsSys.swift in Sources */ = {isa = PBXBuildFile; fileRef = 8DE7C94E1A56D54000190B79 /* NewsSys.swift */; };
		8DE7C9561A58136100190B79 /* 3slidecell.png in Resources */ = {isa = PBXBuildFile; fileRef = 8DE7C9511A58136100190B79 /* 3slidecell.png */; };
		8DE7C9571A58136100190B79 /* 5slidecell.png in Resources */ = {isa = PBXBuildFile; fileRef = 8DE7C9521A58136100190B79 /* 5slidecell.png */; };
		8DE7C9581A58136100190B79 /* 2slidecell.png in Resources */ = {isa = PBXBuildFile; fileRef = 8DE7C9531A58136100190B79 /* 2slidecell.png */; };
		8DE7C9591A58136100190B79 /* 8slidecell.png in Resources */ = {isa = PBXBuildFile; fileRef = 8DE7C9541A58136100190B79 /* 8slidecell.png */; };
		8DE7C95A1A58136100190B79 /* 1slidecell.png in Resources */ = {isa = PBXBuildFile; fileRef = 8DE7C9551A58136100190B79 /* 1slidecell.png */; };
		8DE7C95C1A5813F300190B79 /* 6slidecell.png in Resources */ = {isa = PBXBuildFile; fileRef = 8DE7C95B1A5813F300190B79 /* 6slidecell.png */; };
		8DE7C95E1A58142200190B79 /* 7slidecell.png in Resources */ = {isa = PBXBuildFile; fileRef = 8DE7C95D1A58142200190B79 /* 7slidecell.png */; };
		8DE7C9721A58566C00190B79 /* appicon-60.png in Resources */ = {isa = PBXBuildFile; fileRef = 8DE7C9601A58566C00190B79 /* appicon-60.png */; };
		8DE7C9731A58566C00190B79 /* appicon-60@2x.png in Resources */ = {isa = PBXBuildFile; fileRef = 8DE7C9611A58566C00190B79 /* appicon-60@2x.png */; };
		8DE7C9741A58566C00190B79 /* appicon-60@3x.png in Resources */ = {isa = PBXBuildFile; fileRef = 8DE7C9621A58566C00190B79 /* appicon-60@3x.png */; };
		8DE7C9751A58566C00190B79 /* appicon-72.png in Resources */ = {isa = PBXBuildFile; fileRef = 8DE7C9631A58566C00190B79 /* appicon-72.png */; };
		8DE7C9761A58566C00190B79 /* appicon-72@2x.png in Resources */ = {isa = PBXBuildFile; fileRef = 8DE7C9641A58566C00190B79 /* appicon-72@2x.png */; };
		8DE7C9771A58566C00190B79 /* appicon-76.png in Resources */ = {isa = PBXBuildFile; fileRef = 8DE7C9651A58566C00190B79 /* appicon-76.png */; };
		8DE7C9781A58566C00190B79 /* appicon-76@2x.png in Resources */ = {isa = PBXBuildFile; fileRef = 8DE7C9661A58566C00190B79 /* appicon-76@2x.png */; };
		8DE7C9791A58566C00190B79 /* appicon-Small-40.png in Resources */ = {isa = PBXBuildFile; fileRef = 8DE7C9671A58566C00190B79 /* appicon-Small-40.png */; };
		8DE7C97A1A58566C00190B79 /* appicon-Small-40@2x.png in Resources */ = {isa = PBXBuildFile; fileRef = 8DE7C9681A58566C00190B79 /* appicon-Small-40@2x.png */; };
		8DE7C97B1A58566C00190B79 /* appicon-Small-50.png in Resources */ = {isa = PBXBuildFile; fileRef = 8DE7C9691A58566C00190B79 /* appicon-Small-50.png */; };
		8DE7C97C1A58566C00190B79 /* appicon-Small-50@2x.png in Resources */ = {isa = PBXBuildFile; fileRef = 8DE7C96A1A58566C00190B79 /* appicon-Small-50@2x.png */; };
		8DE7C97D1A58566C00190B79 /* appicon-Small.png in Resources */ = {isa = PBXBuildFile; fileRef = 8DE7C96B1A58566C00190B79 /* appicon-Small.png */; };
		8DE7C97E1A58566C00190B79 /* appicon-Small@2x.png in Resources */ = {isa = PBXBuildFile; fileRef = 8DE7C96C1A58566C00190B79 /* appicon-Small@2x.png */; };
		8DE7C97F1A58566C00190B79 /* appicon-Small@3x.png in Resources */ = {isa = PBXBuildFile; fileRef = 8DE7C96D1A58566C00190B79 /* appicon-Small@3x.png */; };
		8DE7C9801A58566C00190B79 /* appicon.png in Resources */ = {isa = PBXBuildFile; fileRef = 8DE7C96E1A58566C00190B79 /* appicon.png */; };
		8DE7C9811A58566C00190B79 /* appicon@2x.png in Resources */ = {isa = PBXBuildFile; fileRef = 8DE7C96F1A58566C00190B79 /* appicon@2x.png */; };
		8DE7C98A1A5AB4DE00190B79 /* CFSSpringTableView.m in Sources */ = {isa = PBXBuildFile; fileRef = 8DE7C9871A5AB4DE00190B79 /* CFSSpringTableView.m */; };
		8DE7C98B1A5AB4DE00190B79 /* CFSSpringTableView.podspec in Resources */ = {isa = PBXBuildFile; fileRef = 8DE7C9881A5AB4DE00190B79 /* CFSSpringTableView.podspec */; };
		8DF695361A606514008851E0 /* FirstTimeHereViewControllerManager.swift in Sources */ = {isa = PBXBuildFile; fileRef = 8DF695351A606514008851E0 /* FirstTimeHereViewControllerManager.swift */; };
/* End PBXBuildFile section */

/* Begin PBXContainerItemProxy section */
		8D3FAF3E1A53BDF60008EB99 /* PBXContainerItemProxy */ = {
			isa = PBXContainerItemProxy;
			containerPortal = 8D41A7CD1A53341800168254 /* Project object */;
			proxyType = 1;
			remoteGlobalIDString = 8D3FAF321A53BDF60008EB99;
			remoteInfo = "Ohel-Shem Ext";
		};
		8D41A7EB1A53341800168254 /* PBXContainerItemProxy */ = {
			isa = PBXContainerItemProxy;
			containerPortal = 8D41A7CD1A53341800168254 /* Project object */;
			proxyType = 1;
			remoteGlobalIDString = 8D41A7D41A53341800168254;
			remoteInfo = "Ohel Shem";
		};
		8DB35B861A89415000F028EA /* PBXContainerItemProxy */ = {
			isa = PBXContainerItemProxy;
			containerPortal = 8DB35B641A89415000F028EA /* MBProgressHUD.xcodeproj */;
			proxyType = 2;
			remoteGlobalIDString = D286A7491518C70F00E13FB8;
			remoteInfo = MBProgressHUD;
		};
/* End PBXContainerItemProxy section */

/* Begin PBXCopyFilesBuildPhase section */
		8D3FAF441A53BDF60008EB99 /* Embed App Extensions */ = {
			isa = PBXCopyFilesBuildPhase;
			buildActionMask = 2147483647;
			dstPath = "";
			dstSubfolderSpec = 13;
			files = (
				8D3FAF401A53BDF60008EB99 /* Ohel-Shem Ext.appex in Embed App Extensions */,
			);
			name = "Embed App Extensions";
			runOnlyForDeploymentPostprocessing = 0;
		};
		8DC309631BA1E5DB003947E7 /* Embed Watch Content */ = {
			isa = PBXCopyFilesBuildPhase;
			buildActionMask = 2147483647;
			dstPath = "$(CONTENTS_FOLDER_PATH)/Watch";
			dstSubfolderSpec = 16;
			files = (
			);
			name = "Embed Watch Content";
			runOnlyForDeploymentPostprocessing = 0;
		};
/* End PBXCopyFilesBuildPhase section */

/* Begin PBXFileReference section */
		496241EA08DAEDC57EB7A8D4 /* Pods_Ohel_Shem.framework */ = {isa = PBXFileReference; explicitFileType = wrapper.framework; includeInIndex = 0; path = Pods_Ohel_Shem.framework; sourceTree = BUILT_PRODUCTS_DIR; };
		6437CC546F22D1294AF5E477 /* Pods-Ohel Shem.debug.xcconfig */ = {isa = PBXFileReference; includeInIndex = 1; lastKnownFileType = text.xcconfig; name = "Pods-Ohel Shem.debug.xcconfig"; path = "Pods/Target Support Files/Pods-Ohel Shem/Pods-Ohel Shem.debug.xcconfig"; sourceTree = "<group>"; };
		8D00BFC01A6166AB0098A608 /* FBShimmering-Prefix.pch */ = {isa = PBXFileReference; fileEncoding = 4; lastKnownFileType = sourcecode.c.h; path = "FBShimmering-Prefix.pch"; sourceTree = "<group>"; };
		8D00BFC11A6166AB0098A608 /* FBShimmering.h */ = {isa = PBXFileReference; fileEncoding = 4; lastKnownFileType = sourcecode.c.h; path = FBShimmering.h; sourceTree = "<group>"; };
		8D00BFC21A6166AB0098A608 /* FBShimmeringLayer.h */ = {isa = PBXFileReference; fileEncoding = 4; lastKnownFileType = sourcecode.c.h; path = FBShimmeringLayer.h; sourceTree = "<group>"; };
		8D00BFC31A6166AB0098A608 /* FBShimmeringLayer.m */ = {isa = PBXFileReference; fileEncoding = 4; lastKnownFileType = sourcecode.c.objc; path = FBShimmeringLayer.m; sourceTree = "<group>"; };
		8D00BFC41A6166AB0098A608 /* FBShimmeringView.h */ = {isa = PBXFileReference; fileEncoding = 4; lastKnownFileType = sourcecode.c.h; path = FBShimmeringView.h; sourceTree = "<group>"; };
		8D00BFC51A6166AB0098A608 /* FBShimmeringView.m */ = {isa = PBXFileReference; fileEncoding = 4; lastKnownFileType = sourcecode.c.objc; path = FBShimmeringView.m; sourceTree = "<group>"; };
		8D00BFD61A6458FC0098A608 /* MainHomePage.swift */ = {isa = PBXFileReference; fileEncoding = 4; lastKnownFileType = sourcecode.swift; path = MainHomePage.swift; sourceTree = "<group>"; };
		8D00BFD81A6469A10098A608 /* 0slidecell.png */ = {isa = PBXFileReference; lastKnownFileType = image.png; path = 0slidecell.png; sourceTree = "<group>"; };
		8D05A7701BADC09E007C01E0 /* UIExtensions.swift */ = {isa = PBXFileReference; fileEncoding = 4; lastKnownFileType = sourcecode.swift; path = UIExtensions.swift; sourceTree = "<group>"; };
		8D0800EF1A7E40D0001A92D4 /* Loading-Animation-iOS-Samsel.license */ = {isa = PBXFileReference; fileEncoding = 4; lastKnownFileType = text; path = "Loading-Animation-iOS-Samsel.license"; sourceTree = "<group>"; };
		8D1157201A7679C00073CB5F /* Settings.bundle */ = {isa = PBXFileReference; lastKnownFileType = "wrapper.plug-in"; path = Settings.bundle; sourceTree = "<group>"; };
		8D1157271A767BDE0073CB5F /* iRate.license */ = {isa = PBXFileReference; fileEncoding = 4; lastKnownFileType = text; path = iRate.license; sourceTree = "<group>"; };
		8D1157291A767C0E0073CB5F /* Siren.license */ = {isa = PBXFileReference; fileEncoding = 4; lastKnownFileType = text; path = Siren.license; sourceTree = "<group>"; };
		8D11572B1A767C460073CB5F /* AMSlideMenu.license */ = {isa = PBXFileReference; fileEncoding = 4; lastKnownFileType = text; path = AMSlideMenu.license; sourceTree = "<group>"; };
		8D11572D1A767C870073CB5F /* FBShimmering.license */ = {isa = PBXFileReference; fileEncoding = 4; lastKnownFileType = text; path = FBShimmering.license; sourceTree = "<group>"; };
		8D11572F1A767CC30073CB5F /* WSCoachMarksView.license */ = {isa = PBXFileReference; fileEncoding = 4; lastKnownFileType = text; path = WSCoachMarksView.license; sourceTree = "<group>"; };
		8D1157311A767D4A0073CB5F /* Alef.license */ = {isa = PBXFileReference; fileEncoding = 4; lastKnownFileType = text; path = Alef.license; sourceTree = "<group>"; };
		8D1157331A7680AD0073CB5F /* Acknowledgements.py */ = {isa = PBXFileReference; fileEncoding = 4; lastKnownFileType = text.script.python; path = Acknowledgements.py; sourceTree = "<group>"; };
		8D1157361A76813D0073CB5F /* CFSSpringTableView.license */ = {isa = PBXFileReference; fileEncoding = 4; lastKnownFileType = text; path = CFSSpringTableView.license; sourceTree = "<group>"; };
		8D1169C41A72EE0400B59241 /* .gitignore */ = {isa = PBXFileReference; fileEncoding = 4; lastKnownFileType = text; path = .gitignore; sourceTree = "<group>"; };
		8D1169C51A72EE0400B59241 /* LICENSE */ = {isa = PBXFileReference; fileEncoding = 4; lastKnownFileType = text; path = LICENSE; sourceTree = "<group>"; };
		8D1169C61A72EE0400B59241 /* README.md */ = {isa = PBXFileReference; fileEncoding = 4; lastKnownFileType = net.daringfireball.markdown; path = README.md; sourceTree = "<group>"; };
		8D1169C71A72EE0400B59241 /* WSCoachMarksView.h */ = {isa = PBXFileReference; fileEncoding = 4; lastKnownFileType = sourcecode.c.h; path = WSCoachMarksView.h; sourceTree = "<group>"; };
		8D1169C81A72EE0400B59241 /* WSCoachMarksView.m */ = {isa = PBXFileReference; fileEncoding = 4; lastKnownFileType = sourcecode.c.objc; path = WSCoachMarksView.m; sourceTree = "<group>"; };
		8D1169C91A72EE0400B59241 /* WSCoachMarksView.podspec */ = {isa = PBXFileReference; fileEncoding = 4; lastKnownFileType = text; path = WSCoachMarksView.podspec; sourceTree = "<group>"; };
		8D13C0AF1A8F718500B3472A /* LaunchImages7.xcassets */ = {isa = PBXFileReference; lastKnownFileType = folder.assetcatalog; path = LaunchImages7.xcassets; sourceTree = "<group>"; };
		8D1DD7E01A613B3D000B9C9A /* EventKit.framework */ = {isa = PBXFileReference; lastKnownFileType = wrapper.framework; name = EventKit.framework; path = System/Library/Frameworks/EventKit.framework; sourceTree = SDKROOT; };
		8D3FAF181A53521F0008EB99 /* libxml2.dylib */ = {isa = PBXFileReference; lastKnownFileType = "compiled.mach-o.dylib"; name = libxml2.dylib; path = usr/lib/libxml2.dylib; sourceTree = SDKROOT; };
		8D3FAF2B1A535AF40008EB99 /* TestSys.swift */ = {isa = PBXFileReference; fileEncoding = 4; lastKnownFileType = sourcecode.swift; path = TestSys.swift; sourceTree = "<group>"; };
		8D3FAF2D1A535BB10008EB99 /* HourSys.swift */ = {isa = PBXFileReference; fileEncoding = 4; lastKnownFileType = sourcecode.swift; path = HourSys.swift; sourceTree = "<group>"; };
		8D3FAF331A53BDF60008EB99 /* Ohel-Shem Ext.appex */ = {isa = PBXFileReference; explicitFileType = "wrapper.app-extension"; includeInIndex = 0; path = "Ohel-Shem Ext.appex"; sourceTree = BUILT_PRODUCTS_DIR; };
		8D3FAF351A53BDF60008EB99 /* NotificationCenter.framework */ = {isa = PBXFileReference; lastKnownFileType = wrapper.framework; name = NotificationCenter.framework; path = System/Library/Frameworks/NotificationCenter.framework; sourceTree = SDKROOT; };
		8D3FAF391A53BDF60008EB99 /* Info.plist */ = {isa = PBXFileReference; lastKnownFileType = text.plist.xml; path = Info.plist; sourceTree = "<group>"; };
		8D3FAF3A1A53BDF60008EB99 /* TodayViewController.swift */ = {isa = PBXFileReference; lastKnownFileType = sourcecode.swift; path = TodayViewController.swift; sourceTree = "<group>"; };
		8D3FAF3C1A53BDF60008EB99 /* MainInterface.storyboard */ = {isa = PBXFileReference; lastKnownFileType = file.storyboard; path = MainInterface.storyboard; sourceTree = "<group>"; };
		8D3FAF461A542B680008EB99 /* SettingsController.swift */ = {isa = PBXFileReference; fileEncoding = 4; lastKnownFileType = sourcecode.swift; lineEnding = 0; path = SettingsController.swift; sourceTree = "<group>"; xcLanguageSpecificationIdentifier = xcode.lang.swift; };
		8D3FAF481A542D490008EB99 /* list23.png */ = {isa = PBXFileReference; lastKnownFileType = image.png; name = list23.png; path = ../list23.png; sourceTree = "<group>"; };
		8D3FAF581A5472980008EB99 /* Ohel Shem.entitlements */ = {isa = PBXFileReference; lastKnownFileType = text.xml; path = "Ohel Shem.entitlements"; sourceTree = "<group>"; };
		8D3FAF5C1A5480B30008EB99 /* SchoolTerms.swift */ = {isa = PBXFileReference; fileEncoding = 4; lastKnownFileType = sourcecode.swift; path = SchoolTerms.swift; sourceTree = "<group>"; };
		8D41A7D51A53341800168254 /* Ohel Shem.app */ = {isa = PBXFileReference; explicitFileType = wrapper.application; includeInIndex = 0; path = "Ohel Shem.app"; sourceTree = BUILT_PRODUCTS_DIR; };
		8D41A7D91A53341800168254 /* Info.plist */ = {isa = PBXFileReference; lastKnownFileType = text.plist.xml; path = Info.plist; sourceTree = "<group>"; };
		8D41A7DA1A53341800168254 /* AppDelegate.swift */ = {isa = PBXFileReference; lastKnownFileType = sourcecode.swift; lineEnding = 0; path = AppDelegate.swift; sourceTree = "<group>"; xcLanguageSpecificationIdentifier = xcode.lang.swift; };
		8D41A7DC1A53341800168254 /* MainViewController.swift */ = {isa = PBXFileReference; lastKnownFileType = sourcecode.swift; path = MainViewController.swift; sourceTree = "<group>"; };
		8D41A7DF1A53341800168254 /* Base */ = {isa = PBXFileReference; lastKnownFileType = file.storyboard; name = Base; path = Base.lproj/Main.storyboard; sourceTree = "<group>"; };
		8D41A7E11A53341800168254 /* Images.xcassets */ = {isa = PBXFileReference; lastKnownFileType = folder.assetcatalog; path = Images.xcassets; sourceTree = "<group>"; };
		8D41A7E41A53341800168254 /* Base */ = {isa = PBXFileReference; lastKnownFileType = file.xib; name = Base; path = Base.lproj/LaunchScreen.xib; sourceTree = "<group>"; };
		8D41A7EA1A53341800168254 /* Ohel ShemTests.xctest */ = {isa = PBXFileReference; explicitFileType = wrapper.cfbundle; includeInIndex = 0; path = "Ohel ShemTests.xctest"; sourceTree = BUILT_PRODUCTS_DIR; };
		8D41A7EF1A53341800168254 /* Info.plist */ = {isa = PBXFileReference; lastKnownFileType = text.plist.xml; path = Info.plist; sourceTree = "<group>"; };
		8D41A7F01A53341800168254 /* Ohel_ShemTests.swift */ = {isa = PBXFileReference; lastKnownFileType = sourcecode.swift; path = Ohel_ShemTests.swift; sourceTree = "<group>"; };
		8D41A8111A53349900168254 /* Ohel-Shem-Bridging-Header.h */ = {isa = PBXFileReference; lastKnownFileType = sourcecode.c.h; path = "Ohel-Shem-Bridging-Header.h"; sourceTree = "<group>"; };
		8D41A8121A5335CD00168254 /* SlideMenu.swift */ = {isa = PBXFileReference; fileEncoding = 4; lastKnownFileType = sourcecode.swift; path = SlideMenu.swift; sourceTree = "<group>"; };
		8D41A8141A5338C700168254 /* ChangesSys.swift */ = {isa = PBXFileReference; fileEncoding = 4; lastKnownFileType = sourcecode.swift; path = ChangesSys.swift; sourceTree = "<group>"; };
		8D603A421A651ECA00D69E5B /* Ohel-Shem Ext.entitlements */ = {isa = PBXFileReference; lastKnownFileType = text.xml; name = "Ohel-Shem Ext.entitlements"; path = "Ohel-Shem Ext/Ohel-Shem Ext.entitlements"; sourceTree = "<group>"; };
		8D65ABAB1BC0764900CE1442 /* tests9.json */ = {isa = PBXFileReference; fileEncoding = 4; lastKnownFileType = text.json; path = tests9.json; sourceTree = "<group>"; };
		8D65ABAC1BC0764900CE1442 /* tests10.json */ = {isa = PBXFileReference; fileEncoding = 4; lastKnownFileType = text.json; path = tests10.json; sourceTree = "<group>"; };
		8D65ABAD1BC0764900CE1442 /* tests11.json */ = {isa = PBXFileReference; fileEncoding = 4; lastKnownFileType = text.json; path = tests11.json; sourceTree = "<group>"; };
		8D65ABAE1BC0764900CE1442 /* tests12.json */ = {isa = PBXFileReference; fileEncoding = 4; lastKnownFileType = text.json; path = tests12.json; sourceTree = "<group>"; };
		8D65ABB61BC1CF9D00CE1442 /* AMSlideMenuContentSegue.h */ = {isa = PBXFileReference; fileEncoding = 4; lastKnownFileType = sourcecode.c.h; path = AMSlideMenuContentSegue.h; sourceTree = "<group>"; };
		8D65ABB71BC1CF9D00CE1442 /* AMSlideMenuContentSegue.m */ = {isa = PBXFileReference; fileEncoding = 4; lastKnownFileType = sourcecode.c.objc; path = AMSlideMenuContentSegue.m; sourceTree = "<group>"; };
		8D65ABB81BC1CF9D00CE1442 /* AMSlideMenuLeftMenuSegue.h */ = {isa = PBXFileReference; fileEncoding = 4; lastKnownFileType = sourcecode.c.h; path = AMSlideMenuLeftMenuSegue.h; sourceTree = "<group>"; };
		8D65ABB91BC1CF9D00CE1442 /* AMSlideMenuLeftMenuSegue.m */ = {isa = PBXFileReference; fileEncoding = 4; lastKnownFileType = sourcecode.c.objc; path = AMSlideMenuLeftMenuSegue.m; sourceTree = "<group>"; };
		8D65ABBA1BC1CF9D00CE1442 /* AMSlideMenuLeftTableViewController.h */ = {isa = PBXFileReference; fileEncoding = 4; lastKnownFileType = sourcecode.c.h; path = AMSlideMenuLeftTableViewController.h; sourceTree = "<group>"; };
		8D65ABBB1BC1CF9D00CE1442 /* AMSlideMenuLeftTableViewController.m */ = {isa = PBXFileReference; fileEncoding = 4; lastKnownFileType = sourcecode.c.objc; path = AMSlideMenuLeftTableViewController.m; sourceTree = "<group>"; };
		8D65ABBC1BC1CF9D00CE1442 /* AMSlideMenuMainViewController.h */ = {isa = PBXFileReference; fileEncoding = 4; lastKnownFileType = sourcecode.c.h; path = AMSlideMenuMainViewController.h; sourceTree = "<group>"; };
		8D65ABBD1BC1CF9D00CE1442 /* AMSlideMenuMainViewController.m */ = {isa = PBXFileReference; fileEncoding = 4; lastKnownFileType = sourcecode.c.objc; path = AMSlideMenuMainViewController.m; sourceTree = "<group>"; };
		8D65ABBE1BC1CF9D00CE1442 /* AMSlideMenuProtocols.h */ = {isa = PBXFileReference; fileEncoding = 4; lastKnownFileType = sourcecode.c.h; path = AMSlideMenuProtocols.h; sourceTree = "<group>"; };
		8D65ABBF1BC1CF9D00CE1442 /* AMSlideMenuRightMenuSegue.h */ = {isa = PBXFileReference; fileEncoding = 4; lastKnownFileType = sourcecode.c.h; path = AMSlideMenuRightMenuSegue.h; sourceTree = "<group>"; };
		8D65ABC01BC1CF9D00CE1442 /* AMSlideMenuRightMenuSegue.m */ = {isa = PBXFileReference; fileEncoding = 4; lastKnownFileType = sourcecode.c.objc; path = AMSlideMenuRightMenuSegue.m; sourceTree = "<group>"; };
		8D65ABC11BC1CF9D00CE1442 /* AMSlideMenuRightTableViewController.h */ = {isa = PBXFileReference; fileEncoding = 4; lastKnownFileType = sourcecode.c.h; path = AMSlideMenuRightTableViewController.h; sourceTree = "<group>"; };
		8D65ABC21BC1CF9D00CE1442 /* AMSlideMenuRightTableViewController.m */ = {isa = PBXFileReference; fileEncoding = 4; lastKnownFileType = sourcecode.c.objc; path = AMSlideMenuRightTableViewController.m; sourceTree = "<group>"; };
		8D65ABC31BC1CF9D00CE1442 /* UIViewController+AMSlideMenu.h */ = {isa = PBXFileReference; fileEncoding = 4; lastKnownFileType = sourcecode.c.h; path = "UIViewController+AMSlideMenu.h"; sourceTree = "<group>"; };
		8D65ABC41BC1CF9D00CE1442 /* UIViewController+AMSlideMenu.m */ = {isa = PBXFileReference; fileEncoding = 4; lastKnownFileType = sourcecode.c.objc; path = "UIViewController+AMSlideMenu.m"; sourceTree = "<group>"; };
		8D74886A1BA4432B0002E331 /* timetable.json */ = {isa = PBXFileReference; fileEncoding = 4; lastKnownFileType = text.json; path = timetable.json; sourceTree = "<group>"; };
		8D74886C1BA6AFC60002E331 /* ohel.png */ = {isa = PBXFileReference; lastKnownFileType = image.png; name = ohel.png; path = ../ohel.png; sourceTree = "<group>"; };
		8D79378C1BD8C1C600C71741 /* Bolts.framework */ = {isa = PBXFileReference; lastKnownFileType = wrapper.framework; path = Bolts.framework; sourceTree = "<group>"; };
		8D79378D1BD8C1C600C71741 /* Parse.framework */ = {isa = PBXFileReference; lastKnownFileType = wrapper.framework; path = Parse.framework; sourceTree = "<group>"; };
		8D7937901BD8C23C00C71741 /* AudioToolbox.framework */ = {isa = PBXFileReference; lastKnownFileType = wrapper.framework; name = AudioToolbox.framework; path = System/Library/Frameworks/AudioToolbox.framework; sourceTree = SDKROOT; };
		8D7937921BD8C24400C71741 /* CFNetwork.framework */ = {isa = PBXFileReference; lastKnownFileType = wrapper.framework; name = CFNetwork.framework; path = System/Library/Frameworks/CFNetwork.framework; sourceTree = SDKROOT; };
		8D7937941BD8C24C00C71741 /* CoreGraphics.framework */ = {isa = PBXFileReference; lastKnownFileType = wrapper.framework; name = CoreGraphics.framework; path = System/Library/Frameworks/CoreGraphics.framework; sourceTree = SDKROOT; };
		8D7937961BD8C25200C71741 /* CoreLocation.framework */ = {isa = PBXFileReference; lastKnownFileType = wrapper.framework; name = CoreLocation.framework; path = System/Library/Frameworks/CoreLocation.framework; sourceTree = SDKROOT; };
		8D7937981BD8C25A00C71741 /* QuartzCore.framework */ = {isa = PBXFileReference; lastKnownFileType = wrapper.framework; name = QuartzCore.framework; path = System/Library/Frameworks/QuartzCore.framework; sourceTree = SDKROOT; };
		8D79379A1BD8C26600C71741 /* StoreKit.framework */ = {isa = PBXFileReference; lastKnownFileType = wrapper.framework; name = StoreKit.framework; path = System/Library/Frameworks/StoreKit.framework; sourceTree = SDKROOT; };
		8D79379C1BD8C27D00C71741 /* libsqlite3.tbd */ = {isa = PBXFileReference; lastKnownFileType = "sourcecode.text-based-dylib-definition"; name = libsqlite3.tbd; path = usr/lib/libsqlite3.tbd; sourceTree = SDKROOT; };
		8D79379E1BD8C28600C71741 /* Accounts.framework */ = {isa = PBXFileReference; lastKnownFileType = wrapper.framework; name = Accounts.framework; path = System/Library/Frameworks/Accounts.framework; sourceTree = SDKROOT; };
		8D7937A01BD8C28D00C71741 /* Social.framework */ = {isa = PBXFileReference; lastKnownFileType = wrapper.framework; name = Social.framework; path = System/Library/Frameworks/Social.framework; sourceTree = SDKROOT; };
		8D8133101A73F61B0021F959 /* SchoolWebsiteDataManager.swift */ = {isa = PBXFileReference; fileEncoding = 4; lastKnownFileType = sourcecode.swift; path = SchoolWebsiteDataManager.swift; sourceTree = "<group>"; };
		8D861FE91A6D363B005EEA7A /* HourSystemViewControllerManager.swift */ = {isa = PBXFileReference; fileEncoding = 4; lastKnownFileType = sourcecode.swift; lineEnding = 0; path = HourSystemViewControllerManager.swift; sourceTree = "<group>"; xcLanguageSpecificationIdentifier = xcode.lang.swift; };
		8D861FEC1A6F896E005EEA7A /* Alef-Regular.ttf */ = {isa = PBXFileReference; lastKnownFileType = file; path = "Alef-Regular.ttf"; sourceTree = "<group>"; };
		8D861FEE1A6F8976005EEA7A /* Alef-Bold.ttf */ = {isa = PBXFileReference; lastKnownFileType = file; path = "Alef-Bold.ttf"; sourceTree = "<group>"; };
		8D861FF11A724A8C005EEA7A /* CustomTestCell.swift */ = {isa = PBXFileReference; fileEncoding = 4; lastKnownFileType = sourcecode.swift; path = CustomTestCell.swift; sourceTree = "<group>"; };
		8DB35B3B1A87B64A00F028EA /* 4slidecell.png */ = {isa = PBXFileReference; lastKnownFileType = image.png; path = 4slidecell.png; sourceTree = "<group>"; };
		8DB35B3D1A87B6AA00F028EA /* MBProgressHUD.license */ = {isa = PBXFileReference; fileEncoding = 4; lastKnownFileType = text; path = MBProgressHUD.license; sourceTree = "<group>"; };
		8DB35B401A89415000F028EA /* .gitignore */ = {isa = PBXFileReference; fileEncoding = 4; lastKnownFileType = text; path = .gitignore; sourceTree = "<group>"; };
		8DB35B411A89415000F028EA /* .travis.yml */ = {isa = PBXFileReference; fileEncoding = 4; lastKnownFileType = text; path = .travis.yml; sourceTree = "<group>"; };
		8DB35B5F1A89415000F028EA /* LICENSE */ = {isa = PBXFileReference; fileEncoding = 4; lastKnownFileType = text; path = LICENSE; sourceTree = "<group>"; };
		8DB35B601A89415000F028EA /* MBProgressHUD-Prefix.pch */ = {isa = PBXFileReference; fileEncoding = 4; lastKnownFileType = sourcecode.c.h; path = "MBProgressHUD-Prefix.pch"; sourceTree = "<group>"; };
		8DB35B611A89415000F028EA /* MBProgressHUD.h */ = {isa = PBXFileReference; fileEncoding = 4; lastKnownFileType = sourcecode.c.h; path = MBProgressHUD.h; sourceTree = "<group>"; };
		8DB35B621A89415000F028EA /* MBProgressHUD.m */ = {isa = PBXFileReference; fileEncoding = 4; lastKnownFileType = sourcecode.c.objc; path = MBProgressHUD.m; sourceTree = "<group>"; };
		8DB35B631A89415000F028EA /* MBProgressHUD.podspec */ = {isa = PBXFileReference; fileEncoding = 4; lastKnownFileType = text; path = MBProgressHUD.podspec; sourceTree = "<group>"; };
		8DB35B641A89415000F028EA /* MBProgressHUD.xcodeproj */ = {isa = PBXFileReference; lastKnownFileType = "wrapper.pb-project"; path = MBProgressHUD.xcodeproj; sourceTree = "<group>"; };
		8DB35B671A89415000F028EA /* MBProgressHUD.xcworkspace */ = {isa = PBXFileReference; lastKnownFileType = wrapper.workspace; path = MBProgressHUD.xcworkspace; sourceTree = "<group>"; };
		8DB35B681A89415000F028EA /* README.mdown */ = {isa = PBXFileReference; fileEncoding = 4; lastKnownFileType = net.daringfireball.markdown; path = README.mdown; sourceTree = "<group>"; };
		8DC897191AA769E9009C2D7C /* WebKit.framework */ = {isa = PBXFileReference; lastKnownFileType = wrapper.framework; name = WebKit.framework; path = System/Library/Frameworks/WebKit.framework; sourceTree = SDKROOT; };
		8DE4C8731BA3815200AAFF9F /* libc++.tbd */ = {isa = PBXFileReference; lastKnownFileType = "sourcecode.text-based-dylib-definition"; name = "libc++.tbd"; path = "usr/lib/libc++.tbd"; sourceTree = SDKROOT; };
		8DE4C8751BA3815A00AAFF9F /* libz.tbd */ = {isa = PBXFileReference; lastKnownFileType = "sourcecode.text-based-dylib-definition"; name = libz.tbd; path = usr/lib/libz.tbd; sourceTree = SDKROOT; };
		8DE4C8771BA3817600AAFF9F /* Security.framework */ = {isa = PBXFileReference; lastKnownFileType = wrapper.framework; name = Security.framework; path = System/Library/Frameworks/Security.framework; sourceTree = SDKROOT; };
		8DE4C8791BA3817C00AAFF9F /* SystemConfiguration.framework */ = {isa = PBXFileReference; lastKnownFileType = wrapper.framework; name = SystemConfiguration.framework; path = System/Library/Frameworks/SystemConfiguration.framework; sourceTree = SDKROOT; };
		8DE507771A6007D80015C96D /* HTMLComment.h */ = {isa = PBXFileReference; fileEncoding = 4; lastKnownFileType = sourcecode.c.h; path = HTMLComment.h; sourceTree = "<group>"; };
		8DE507781A6007D80015C96D /* HTMLComment.m */ = {isa = PBXFileReference; fileEncoding = 4; lastKnownFileType = sourcecode.c.objc; path = HTMLComment.m; sourceTree = "<group>"; };
		8DE507791A6007D80015C96D /* HTMLDocument.h */ = {isa = PBXFileReference; fileEncoding = 4; lastKnownFileType = sourcecode.c.h; path = HTMLDocument.h; sourceTree = "<group>"; };
		8DE5077A1A6007D80015C96D /* HTMLDocument.m */ = {isa = PBXFileReference; fileEncoding = 4; lastKnownFileType = sourcecode.c.objc; path = HTMLDocument.m; sourceTree = "<group>"; };
		8DE5077B1A6007D80015C96D /* HTMLDocumentType.h */ = {isa = PBXFileReference; fileEncoding = 4; lastKnownFileType = sourcecode.c.h; path = HTMLDocumentType.h; sourceTree = "<group>"; };
		8DE5077C1A6007D80015C96D /* HTMLDocumentType.m */ = {isa = PBXFileReference; fileEncoding = 4; lastKnownFileType = sourcecode.c.objc; path = HTMLDocumentType.m; sourceTree = "<group>"; };
		8DE5077D1A6007D80015C96D /* HTMLElement.h */ = {isa = PBXFileReference; fileEncoding = 4; lastKnownFileType = sourcecode.c.h; path = HTMLElement.h; sourceTree = "<group>"; };
		8DE5077E1A6007D80015C96D /* HTMLElement.m */ = {isa = PBXFileReference; fileEncoding = 4; lastKnownFileType = sourcecode.c.objc; path = HTMLElement.m; sourceTree = "<group>"; };
		8DE5077F1A6007D80015C96D /* HTMLEntities.h */ = {isa = PBXFileReference; fileEncoding = 4; lastKnownFileType = sourcecode.c.h; path = HTMLEntities.h; sourceTree = "<group>"; };
		8DE507801A6007D80015C96D /* HTMLEntities.m */ = {isa = PBXFileReference; fileEncoding = 4; lastKnownFileType = sourcecode.c.objc; path = HTMLEntities.m; sourceTree = "<group>"; };
		8DE507811A6007D80015C96D /* HTMLNamespace.h */ = {isa = PBXFileReference; fileEncoding = 4; lastKnownFileType = sourcecode.c.h; path = HTMLNamespace.h; sourceTree = "<group>"; };
		8DE507821A6007D80015C96D /* HTMLNode.h */ = {isa = PBXFileReference; fileEncoding = 4; lastKnownFileType = sourcecode.c.h; path = HTMLNode.h; sourceTree = "<group>"; };
		8DE507831A6007D80015C96D /* HTMLNode.m */ = {isa = PBXFileReference; fileEncoding = 4; lastKnownFileType = sourcecode.c.objc; path = HTMLNode.m; sourceTree = "<group>"; };
		8DE507841A6007D80015C96D /* HTMLOrderedDictionary.h */ = {isa = PBXFileReference; fileEncoding = 4; lastKnownFileType = sourcecode.c.h; path = HTMLOrderedDictionary.h; sourceTree = "<group>"; };
		8DE507851A6007D80015C96D /* HTMLOrderedDictionary.m */ = {isa = PBXFileReference; fileEncoding = 4; lastKnownFileType = sourcecode.c.objc; path = HTMLOrderedDictionary.m; sourceTree = "<group>"; };
		8DE507861A6007D80015C96D /* HTMLParser.h */ = {isa = PBXFileReference; fileEncoding = 4; lastKnownFileType = sourcecode.c.h; path = HTMLParser.h; sourceTree = "<group>"; };
		8DE507871A6007D80015C96D /* HTMLParser.m */ = {isa = PBXFileReference; fileEncoding = 4; lastKnownFileType = sourcecode.c.objc; path = HTMLParser.m; sourceTree = "<group>"; };
		8DE507881A6007D80015C96D /* HTMLPreprocessedInputStream.h */ = {isa = PBXFileReference; fileEncoding = 4; lastKnownFileType = sourcecode.c.h; path = HTMLPreprocessedInputStream.h; sourceTree = "<group>"; };
		8DE507891A6007D80015C96D /* HTMLPreprocessedInputStream.m */ = {isa = PBXFileReference; fileEncoding = 4; lastKnownFileType = sourcecode.c.objc; path = HTMLPreprocessedInputStream.m; sourceTree = "<group>"; };
		8DE5078A1A6007D80015C96D /* HTMLQuirksMode.h */ = {isa = PBXFileReference; fileEncoding = 4; lastKnownFileType = sourcecode.c.h; path = HTMLQuirksMode.h; sourceTree = "<group>"; };
		8DE5078B1A6007D80015C96D /* HTMLReader.h */ = {isa = PBXFileReference; fileEncoding = 4; lastKnownFileType = sourcecode.c.h; path = HTMLReader.h; sourceTree = "<group>"; };
		8DE5078C1A6007D80015C96D /* HTMLSelector.h */ = {isa = PBXFileReference; fileEncoding = 4; lastKnownFileType = sourcecode.c.h; path = HTMLSelector.h; sourceTree = "<group>"; };
		8DE5078D1A6007D80015C96D /* HTMLSelector.m */ = {isa = PBXFileReference; fileEncoding = 4; lastKnownFileType = sourcecode.c.objc; path = HTMLSelector.m; sourceTree = "<group>"; };
		8DE5078E1A6007D80015C96D /* HTMLSerialization.h */ = {isa = PBXFileReference; fileEncoding = 4; lastKnownFileType = sourcecode.c.h; path = HTMLSerialization.h; sourceTree = "<group>"; };
		8DE5078F1A6007D80015C96D /* HTMLSerialization.m */ = {isa = PBXFileReference; fileEncoding = 4; lastKnownFileType = sourcecode.c.objc; path = HTMLSerialization.m; sourceTree = "<group>"; };
		8DE507901A6007D80015C96D /* HTMLString.h */ = {isa = PBXFileReference; fileEncoding = 4; lastKnownFileType = sourcecode.c.h; path = HTMLString.h; sourceTree = "<group>"; };
		8DE507911A6007D80015C96D /* HTMLString.m */ = {isa = PBXFileReference; fileEncoding = 4; lastKnownFileType = sourcecode.c.objc; path = HTMLString.m; sourceTree = "<group>"; };
		8DE507921A6007D80015C96D /* HTMLSupport.h */ = {isa = PBXFileReference; fileEncoding = 4; lastKnownFileType = sourcecode.c.h; path = HTMLSupport.h; sourceTree = "<group>"; };
		8DE507931A6007D80015C96D /* HTMLTextNode.h */ = {isa = PBXFileReference; fileEncoding = 4; lastKnownFileType = sourcecode.c.h; path = HTMLTextNode.h; sourceTree = "<group>"; };
		8DE507941A6007D80015C96D /* HTMLTextNode.m */ = {isa = PBXFileReference; fileEncoding = 4; lastKnownFileType = sourcecode.c.objc; path = HTMLTextNode.m; sourceTree = "<group>"; };
		8DE507951A6007D80015C96D /* HTMLTokenizer.h */ = {isa = PBXFileReference; fileEncoding = 4; lastKnownFileType = sourcecode.c.h; path = HTMLTokenizer.h; sourceTree = "<group>"; };
		8DE507961A6007D80015C96D /* HTMLTokenizer.m */ = {isa = PBXFileReference; fileEncoding = 4; lastKnownFileType = sourcecode.c.objc; path = HTMLTokenizer.m; sourceTree = "<group>"; };
		8DE507971A6007D80015C96D /* HTMLTokenizerState.h */ = {isa = PBXFileReference; fileEncoding = 4; lastKnownFileType = sourcecode.c.h; path = HTMLTokenizerState.h; sourceTree = "<group>"; };
		8DE507981A6007D80015C96D /* HTMLTreeEnumerator.h */ = {isa = PBXFileReference; fileEncoding = 4; lastKnownFileType = sourcecode.c.h; path = HTMLTreeEnumerator.h; sourceTree = "<group>"; };
		8DE507991A6007D80015C96D /* HTMLTreeEnumerator.m */ = {isa = PBXFileReference; fileEncoding = 4; lastKnownFileType = sourcecode.c.objc; path = HTMLTreeEnumerator.m; sourceTree = "<group>"; };
		8DE5079A1A6007D80015C96D /* NSString+HTMLEntities.h */ = {isa = PBXFileReference; fileEncoding = 4; lastKnownFileType = sourcecode.c.h; path = "NSString+HTMLEntities.h"; sourceTree = "<group>"; };
		8DE5079B1A6007D80015C96D /* NSString+HTMLEntities.m */ = {isa = PBXFileReference; fileEncoding = 4; lastKnownFileType = sourcecode.c.objc; path = "NSString+HTMLEntities.m"; sourceTree = "<group>"; };
		8DE7C9291A549AC200190B79 /* iRate.bundle */ = {isa = PBXFileReference; lastKnownFileType = "wrapper.plug-in"; path = iRate.bundle; sourceTree = "<group>"; };
		8DE7C92A1A549AC200190B79 /* iRate.h */ = {isa = PBXFileReference; fileEncoding = 4; lastKnownFileType = sourcecode.c.h; path = iRate.h; sourceTree = "<group>"; };
		8DE7C92B1A549AC200190B79 /* iRate.m */ = {isa = PBXFileReference; fileEncoding = 4; lastKnownFileType = sourcecode.c.objc; path = iRate.m; sourceTree = "<group>"; };
		8DE7C9391A55780D00190B79 /* logo.gif */ = {isa = PBXFileReference; lastKnownFileType = image.gif; path = logo.gif; sourceTree = "<group>"; };
		8DE7C93C1A557A4900190B79 /* list23.png */ = {isa = PBXFileReference; lastKnownFileType = image.png; path = list23.png; sourceTree = "<group>"; };
		8DE7C93F1A55FE0000190B79 /* CustomMenuCell.swift */ = {isa = PBXFileReference; fileEncoding = 4; lastKnownFileType = sourcecode.swift; path = CustomMenuCell.swift; sourceTree = "<group>"; };
		8DE7C9411A56CBDF00190B79 /* FirstTimeHere.swift */ = {isa = PBXFileReference; fileEncoding = 4; lastKnownFileType = sourcecode.swift; path = FirstTimeHere.swift; sourceTree = "<group>"; };
		8DE7C94E1A56D54000190B79 /* NewsSys.swift */ = {isa = PBXFileReference; fileEncoding = 4; lastKnownFileType = sourcecode.swift; path = NewsSys.swift; sourceTree = "<group>"; };
		8DE7C9511A58136100190B79 /* 3slidecell.png */ = {isa = PBXFileReference; lastKnownFileType = image.png; path = 3slidecell.png; sourceTree = "<group>"; };
		8DE7C9521A58136100190B79 /* 5slidecell.png */ = {isa = PBXFileReference; lastKnownFileType = image.png; path = 5slidecell.png; sourceTree = "<group>"; };
		8DE7C9531A58136100190B79 /* 2slidecell.png */ = {isa = PBXFileReference; lastKnownFileType = image.png; path = 2slidecell.png; sourceTree = "<group>"; };
		8DE7C9541A58136100190B79 /* 8slidecell.png */ = {isa = PBXFileReference; lastKnownFileType = image.png; path = 8slidecell.png; sourceTree = "<group>"; };
		8DE7C9551A58136100190B79 /* 1slidecell.png */ = {isa = PBXFileReference; lastKnownFileType = image.png; path = 1slidecell.png; sourceTree = "<group>"; };
		8DE7C95B1A5813F300190B79 /* 6slidecell.png */ = {isa = PBXFileReference; lastKnownFileType = image.png; path = 6slidecell.png; sourceTree = "<group>"; };
		8DE7C95D1A58142200190B79 /* 7slidecell.png */ = {isa = PBXFileReference; lastKnownFileType = image.png; path = 7slidecell.png; sourceTree = "<group>"; };
		8DE7C9601A58566C00190B79 /* appicon-60.png */ = {isa = PBXFileReference; lastKnownFileType = image.png; path = "appicon-60.png"; sourceTree = "<group>"; };
		8DE7C9611A58566C00190B79 /* appicon-60@2x.png */ = {isa = PBXFileReference; lastKnownFileType = image.png; path = "appicon-60@2x.png"; sourceTree = "<group>"; };
		8DE7C9621A58566C00190B79 /* appicon-60@3x.png */ = {isa = PBXFileReference; lastKnownFileType = image.png; path = "appicon-60@3x.png"; sourceTree = "<group>"; };
		8DE7C9631A58566C00190B79 /* appicon-72.png */ = {isa = PBXFileReference; lastKnownFileType = image.png; path = "appicon-72.png"; sourceTree = "<group>"; };
		8DE7C9641A58566C00190B79 /* appicon-72@2x.png */ = {isa = PBXFileReference; lastKnownFileType = image.png; path = "appicon-72@2x.png"; sourceTree = "<group>"; };
		8DE7C9651A58566C00190B79 /* appicon-76.png */ = {isa = PBXFileReference; lastKnownFileType = image.png; path = "appicon-76.png"; sourceTree = "<group>"; };
		8DE7C9661A58566C00190B79 /* appicon-76@2x.png */ = {isa = PBXFileReference; lastKnownFileType = image.png; path = "appicon-76@2x.png"; sourceTree = "<group>"; };
		8DE7C9671A58566C00190B79 /* appicon-Small-40.png */ = {isa = PBXFileReference; lastKnownFileType = image.png; path = "appicon-Small-40.png"; sourceTree = "<group>"; };
		8DE7C9681A58566C00190B79 /* appicon-Small-40@2x.png */ = {isa = PBXFileReference; lastKnownFileType = image.png; path = "appicon-Small-40@2x.png"; sourceTree = "<group>"; };
		8DE7C9691A58566C00190B79 /* appicon-Small-50.png */ = {isa = PBXFileReference; lastKnownFileType = image.png; path = "appicon-Small-50.png"; sourceTree = "<group>"; };
		8DE7C96A1A58566C00190B79 /* appicon-Small-50@2x.png */ = {isa = PBXFileReference; lastKnownFileType = image.png; path = "appicon-Small-50@2x.png"; sourceTree = "<group>"; };
		8DE7C96B1A58566C00190B79 /* appicon-Small.png */ = {isa = PBXFileReference; lastKnownFileType = image.png; path = "appicon-Small.png"; sourceTree = "<group>"; };
		8DE7C96C1A58566C00190B79 /* appicon-Small@2x.png */ = {isa = PBXFileReference; lastKnownFileType = image.png; path = "appicon-Small@2x.png"; sourceTree = "<group>"; };
		8DE7C96D1A58566C00190B79 /* appicon-Small@3x.png */ = {isa = PBXFileReference; lastKnownFileType = image.png; path = "appicon-Small@3x.png"; sourceTree = "<group>"; };
		8DE7C96E1A58566C00190B79 /* appicon.png */ = {isa = PBXFileReference; lastKnownFileType = image.png; path = appicon.png; sourceTree = "<group>"; };
		8DE7C96F1A58566C00190B79 /* appicon@2x.png */ = {isa = PBXFileReference; lastKnownFileType = image.png; path = "appicon@2x.png"; sourceTree = "<group>"; };
		8DE7C9701A58566C00190B79 /* iTunesArtwork */ = {isa = PBXFileReference; lastKnownFileType = text; path = iTunesArtwork; sourceTree = "<group>"; };
		8DE7C9711A58566C00190B79 /* iTunesArtwork@2x */ = {isa = PBXFileReference; lastKnownFileType = text; path = "iTunesArtwork@2x"; sourceTree = "<group>"; };
		8DE7C9861A5AB4DE00190B79 /* CFSSpringTableView.h */ = {isa = PBXFileReference; fileEncoding = 4; lastKnownFileType = sourcecode.c.h; path = CFSSpringTableView.h; sourceTree = "<group>"; };
		8DE7C9871A5AB4DE00190B79 /* CFSSpringTableView.m */ = {isa = PBXFileReference; fileEncoding = 4; lastKnownFileType = sourcecode.c.objc; path = CFSSpringTableView.m; sourceTree = "<group>"; };
		8DE7C9881A5AB4DE00190B79 /* CFSSpringTableView.podspec */ = {isa = PBXFileReference; fileEncoding = 4; lastKnownFileType = text; path = CFSSpringTableView.podspec; sourceTree = "<group>"; };
		8DE7C9891A5AB4DE00190B79 /* README.md */ = {isa = PBXFileReference; fileEncoding = 4; lastKnownFileType = net.daringfireball.markdown; path = README.md; sourceTree = "<group>"; };
		8DF695351A606514008851E0 /* FirstTimeHereViewControllerManager.swift */ = {isa = PBXFileReference; fileEncoding = 4; lastKnownFileType = sourcecode.swift; path = FirstTimeHereViewControllerManager.swift; sourceTree = "<group>"; };
		EDC825639C26CC4031F4CFCD /* Pods-Ohel Shem.release.xcconfig */ = {isa = PBXFileReference; includeInIndex = 1; lastKnownFileType = text.xcconfig; name = "Pods-Ohel Shem.release.xcconfig"; path = "Pods/Target Support Files/Pods-Ohel Shem/Pods-Ohel Shem.release.xcconfig"; sourceTree = "<group>"; };
/* End PBXFileReference section */

/* Begin PBXFrameworksBuildPhase section */
		8D3FAF301A53BDF60008EB99 /* Frameworks */ = {
			isa = PBXFrameworksBuildPhase;
			buildActionMask = 2147483647;
			files = (
				8D3FAF361A53BDF60008EB99 /* NotificationCenter.framework in Frameworks */,
			);
			runOnlyForDeploymentPostprocessing = 0;
		};
		8D41A7D21A53341800168254 /* Frameworks */ = {
			isa = PBXFrameworksBuildPhase;
			buildActionMask = 2147483647;
			files = (
				8D7937A11BD8C28D00C71741 /* Social.framework in Frameworks */,
				8D79379F1BD8C28600C71741 /* Accounts.framework in Frameworks */,
				8D79379D1BD8C27D00C71741 /* libsqlite3.tbd in Frameworks */,
				8DE4C8761BA3815A00AAFF9F /* libz.tbd in Frameworks */,
				8DE4C87A1BA3817C00AAFF9F /* SystemConfiguration.framework in Frameworks */,
				8D79379B1BD8C26600C71741 /* StoreKit.framework in Frameworks */,
				8DE4C8781BA3817600AAFF9F /* Security.framework in Frameworks */,
				8D7937991BD8C25A00C71741 /* QuartzCore.framework in Frameworks */,
				8D7937971BD8C25200C71741 /* CoreLocation.framework in Frameworks */,
				8D7937951BD8C24C00C71741 /* CoreGraphics.framework in Frameworks */,
				8D7937931BD8C24400C71741 /* CFNetwork.framework in Frameworks */,
				8D7937911BD8C23C00C71741 /* AudioToolbox.framework in Frameworks */,
				8DE4C8741BA3815200AAFF9F /* libc++.tbd in Frameworks */,
				8D79378F1BD8C1C600C71741 /* Parse.framework in Frameworks */,
				8DC8971A1AA769E9009C2D7C /* WebKit.framework in Frameworks */,
				8D1DD7E11A613B3D000B9C9A /* EventKit.framework in Frameworks */,
				8D79378E1BD8C1C600C71741 /* Bolts.framework in Frameworks */,
				8D3FAF1A1A5352BA0008EB99 /* libxml2.dylib in Frameworks */,
				0F6C6FD494D37E5EC5C72DAD /* Pods_Ohel_Shem.framework in Frameworks */,
			);
			runOnlyForDeploymentPostprocessing = 0;
		};
		8D41A7E71A53341800168254 /* Frameworks */ = {
			isa = PBXFrameworksBuildPhase;
			buildActionMask = 2147483647;
			files = (
			);
			runOnlyForDeploymentPostprocessing = 0;
		};
/* End PBXFrameworksBuildPhase section */

/* Begin PBXGroup section */
		8D00BFBF1A6166AB0098A608 /* FBShimmering */ = {
			isa = PBXGroup;
			children = (
				8D00BFC01A6166AB0098A608 /* FBShimmering-Prefix.pch */,
				8D00BFC11A6166AB0098A608 /* FBShimmering.h */,
				8D00BFC21A6166AB0098A608 /* FBShimmeringLayer.h */,
				8D00BFC31A6166AB0098A608 /* FBShimmeringLayer.m */,
				8D00BFC41A6166AB0098A608 /* FBShimmeringView.h */,
				8D00BFC51A6166AB0098A608 /* FBShimmeringView.m */,
			);
			path = FBShimmering;
			sourceTree = "<group>";
		};
		8D1157251A767BC70073CB5F /* Licenses */ = {
			isa = PBXGroup;
			children = (
				8D1157311A767D4A0073CB5F /* Alef.license */,
				8D11572B1A767C460073CB5F /* AMSlideMenu.license */,
				8D11572D1A767C870073CB5F /* FBShimmering.license */,
				8D1157271A767BDE0073CB5F /* iRate.license */,
				8D1157291A767C0E0073CB5F /* Siren.license */,
				8D11572F1A767CC30073CB5F /* WSCoachMarksView.license */,
				8D1157331A7680AD0073CB5F /* Acknowledgements.py */,
				8D1157361A76813D0073CB5F /* CFSSpringTableView.license */,
				8D0800EF1A7E40D0001A92D4 /* Loading-Animation-iOS-Samsel.license */,
				8DB35B3D1A87B6AA00F028EA /* MBProgressHUD.license */,
			);
			path = Licenses;
			sourceTree = "<group>";
		};
		8D1169C31A72EE0400B59241 /* WSCoachMarksView-master */ = {
			isa = PBXGroup;
			children = (
				8D1169C41A72EE0400B59241 /* .gitignore */,
				8D1169C51A72EE0400B59241 /* LICENSE */,
				8D1169C61A72EE0400B59241 /* README.md */,
				8D1169C71A72EE0400B59241 /* WSCoachMarksView.h */,
				8D1169C81A72EE0400B59241 /* WSCoachMarksView.m */,
				8D1169C91A72EE0400B59241 /* WSCoachMarksView.podspec */,
			);
			path = "WSCoachMarksView-master";
			sourceTree = "<group>";
		};
		8D3FAF341A53BDF60008EB99 /* Frameworks */ = {
			isa = PBXGroup;
			children = (
				8D7937A01BD8C28D00C71741 /* Social.framework */,
				8D79379E1BD8C28600C71741 /* Accounts.framework */,
				8D79379C1BD8C27D00C71741 /* libsqlite3.tbd */,
				8D79379A1BD8C26600C71741 /* StoreKit.framework */,
				8D7937981BD8C25A00C71741 /* QuartzCore.framework */,
				8D7937961BD8C25200C71741 /* CoreLocation.framework */,
				8D7937941BD8C24C00C71741 /* CoreGraphics.framework */,
				8D7937921BD8C24400C71741 /* CFNetwork.framework */,
				8D7937901BD8C23C00C71741 /* AudioToolbox.framework */,
				8D79378C1BD8C1C600C71741 /* Bolts.framework */,
				8D79378D1BD8C1C600C71741 /* Parse.framework */,
				8DE4C8791BA3817C00AAFF9F /* SystemConfiguration.framework */,
				8DE4C8771BA3817600AAFF9F /* Security.framework */,
				8DE4C8751BA3815A00AAFF9F /* libz.tbd */,
				8DE4C8731BA3815200AAFF9F /* libc++.tbd */,
				8DC897191AA769E9009C2D7C /* WebKit.framework */,
				8D1DD7E01A613B3D000B9C9A /* EventKit.framework */,
				8D3FAF351A53BDF60008EB99 /* NotificationCenter.framework */,
				496241EA08DAEDC57EB7A8D4 /* Pods_Ohel_Shem.framework */,
			);
			name = Frameworks;
			sourceTree = "<group>";
		};
		8D3FAF371A53BDF60008EB99 /* Ohel-Shem Ext */ = {
			isa = PBXGroup;
			children = (
				8D3FAF3A1A53BDF60008EB99 /* TodayViewController.swift */,
				8D3FAF3C1A53BDF60008EB99 /* MainInterface.storyboard */,
				8D3FAF381A53BDF60008EB99 /* Supporting Files */,
			);
			name = "Ohel-Shem Ext";
			path = "../Ohel-Shem Ext";
			sourceTree = "<group>";
		};
		8D3FAF381A53BDF60008EB99 /* Supporting Files */ = {
			isa = PBXGroup;
			children = (
				8D3FAF391A53BDF60008EB99 /* Info.plist */,
			);
			name = "Supporting Files";
			sourceTree = "<group>";
		};
		8D41A7CC1A53341800168254 = {
			isa = PBXGroup;
			children = (
				8D603A421A651ECA00D69E5B /* Ohel-Shem Ext.entitlements */,
				8DE507761A6007D80015C96D /* HTMLReader */,
				8D3FAF181A53521F0008EB99 /* libxml2.dylib */,
				8D41A7D71A53341800168254 /* Ohel Shem */,
				8D41A7ED1A53341800168254 /* Ohel ShemTests */,
				8D3FAF341A53BDF60008EB99 /* Frameworks */,
				8D41A7D61A53341800168254 /* Products */,
				EE679281103428A77D1C5A98 /* Pods */,
			);
			sourceTree = "<group>";
		};
		8D41A7D61A53341800168254 /* Products */ = {
			isa = PBXGroup;
			children = (
				8D41A7D51A53341800168254 /* Ohel Shem.app */,
				8D41A7EA1A53341800168254 /* Ohel ShemTests.xctest */,
				8D3FAF331A53BDF60008EB99 /* Ohel-Shem Ext.appex */,
			);
			name = Products;
			sourceTree = "<group>";
		};
		8D41A7D71A53341800168254 /* Ohel Shem */ = {
			isa = PBXGroup;
			children = (
				8D65ABA91BC0763600CE1442 /* Tests */,
				8D1157201A7679C00073CB5F /* Settings.bundle */,
				8D3FAF581A5472980008EB99 /* Ohel Shem.entitlements */,
				8DE7C9391A55780D00190B79 /* logo.gif */,
				8D41A8111A53349900168254 /* Ohel-Shem-Bridging-Header.h */,
				8D74886A1BA4432B0002E331 /* timetable.json */,
				8DE7C93C1A557A4900190B79 /* list23.png */,
				8D41A7DA1A53341800168254 /* AppDelegate.swift */,
				8D41A8141A5338C700168254 /* ChangesSys.swift */,
				8DE7C93F1A55FE0000190B79 /* CustomMenuCell.swift */,
				8D861FF11A724A8C005EEA7A /* CustomTestCell.swift */,
				8DE7C9411A56CBDF00190B79 /* FirstTimeHere.swift */,
				8DF695351A606514008851E0 /* FirstTimeHereViewControllerManager.swift */,
				8D3FAF2D1A535BB10008EB99 /* HourSys.swift */,
				8D861FE91A6D363B005EEA7A /* HourSystemViewControllerManager.swift */,
				8D00BFD61A6458FC0098A608 /* MainHomePage.swift */,
				8D41A7DC1A53341800168254 /* MainViewController.swift */,
				8DE7C94E1A56D54000190B79 /* NewsSys.swift */,
				8D3FAF5C1A5480B30008EB99 /* SchoolTerms.swift */,
				8D8133101A73F61B0021F959 /* SchoolWebsiteDataManager.swift */,
				8D3FAF461A542B680008EB99 /* SettingsController.swift */,
				8D41A8121A5335CD00168254 /* SlideMenu.swift */,
				8D05A7701BADC09E007C01E0 /* UIExtensions.swift */,
				8D3FAF2B1A535AF40008EB99 /* TestSys.swift */,
				8D41A7E11A53341800168254 /* Images.xcassets */,
				8D13C0AF1A8F718500B3472A /* LaunchImages7.xcassets */,
				8D41A7FA1A53348200168254 /* AMSlideMenu */,
				8DE7C9851A5AB4DE00190B79 /* CFSSpringTableView-master */,
				8D00BFBF1A6166AB0098A608 /* FBShimmering */,
				8D861FEB1A6F895F005EEA7A /* Fonts */,
				8DE7C95F1A58566C00190B79 /* iphone */,
				8DE7C9281A549AC200190B79 /* iRate */,
				8D41A7E31A53341800168254 /* LaunchScreen.xib */,
				8D1157251A767BC70073CB5F /* Licenses */,
				8D41A7DE1A53341800168254 /* Main.storyboard */,
				8DB35B3F1A89415000F028EA /* MBProgressHUD */,
				8D3FAF371A53BDF60008EB99 /* Ohel-Shem Ext */,
				8DE7C9501A58136100190B79 /* png */,
				8D41A7D81A53341800168254 /* Supporting Files */,
				8D1169C31A72EE0400B59241 /* WSCoachMarksView-master */,
			);
			path = "Ohel Shem";
			sourceTree = "<group>";
		};
		8D41A7D81A53341800168254 /* Supporting Files */ = {
			isa = PBXGroup;
			children = (
				8D41A7D91A53341800168254 /* Info.plist */,
			);
			name = "Supporting Files";
			sourceTree = "<group>";
		};
		8D41A7ED1A53341800168254 /* Ohel ShemTests */ = {
			isa = PBXGroup;
			children = (
				8D41A7F01A53341800168254 /* Ohel_ShemTests.swift */,
				8D41A7EE1A53341800168254 /* Supporting Files */,
			);
			path = "Ohel ShemTests";
			sourceTree = "<group>";
		};
		8D41A7EE1A53341800168254 /* Supporting Files */ = {
			isa = PBXGroup;
			children = (
				8D41A7EF1A53341800168254 /* Info.plist */,
			);
			name = "Supporting Files";
			sourceTree = "<group>";
		};
		8D41A7FA1A53348200168254 /* AMSlideMenu */ = {
			isa = PBXGroup;
			children = (
				8D3FAF481A542D490008EB99 /* list23.png */,
				8D65ABB61BC1CF9D00CE1442 /* AMSlideMenuContentSegue.h */,
				8D65ABB71BC1CF9D00CE1442 /* AMSlideMenuContentSegue.m */,
				8D65ABB81BC1CF9D00CE1442 /* AMSlideMenuLeftMenuSegue.h */,
				8D65ABB91BC1CF9D00CE1442 /* AMSlideMenuLeftMenuSegue.m */,
				8D65ABBA1BC1CF9D00CE1442 /* AMSlideMenuLeftTableViewController.h */,
				8D65ABBB1BC1CF9D00CE1442 /* AMSlideMenuLeftTableViewController.m */,
				8D65ABBC1BC1CF9D00CE1442 /* AMSlideMenuMainViewController.h */,
				8D65ABBD1BC1CF9D00CE1442 /* AMSlideMenuMainViewController.m */,
				8D65ABBE1BC1CF9D00CE1442 /* AMSlideMenuProtocols.h */,
				8D65ABBF1BC1CF9D00CE1442 /* AMSlideMenuRightMenuSegue.h */,
				8D65ABC01BC1CF9D00CE1442 /* AMSlideMenuRightMenuSegue.m */,
				8D65ABC11BC1CF9D00CE1442 /* AMSlideMenuRightTableViewController.h */,
				8D65ABC21BC1CF9D00CE1442 /* AMSlideMenuRightTableViewController.m */,
				8D65ABC31BC1CF9D00CE1442 /* UIViewController+AMSlideMenu.h */,
				8D65ABC41BC1CF9D00CE1442 /* UIViewController+AMSlideMenu.m */,
			);
			path = AMSlideMenu;
			sourceTree = "<group>";
		};
		8D65ABA91BC0763600CE1442 /* Tests */ = {
			isa = PBXGroup;
			children = (
				8D65ABAB1BC0764900CE1442 /* tests9.json */,
				8D65ABAC1BC0764900CE1442 /* tests10.json */,
				8D65ABAD1BC0764900CE1442 /* tests11.json */,
				8D65ABAE1BC0764900CE1442 /* tests12.json */,
			);
			name = Tests;
			sourceTree = "<group>";
		};
		8D861FEB1A6F895F005EEA7A /* Fonts */ = {
			isa = PBXGroup;
			children = (
				8D861FEC1A6F896E005EEA7A /* Alef-Regular.ttf */,
				8D861FEE1A6F8976005EEA7A /* Alef-Bold.ttf */,
			);
			name = Fonts;
			sourceTree = "<group>";
		};
		8DB35B3F1A89415000F028EA /* MBProgressHUD */ = {
			isa = PBXGroup;
			children = (
				8DB35B401A89415000F028EA /* .gitignore */,
				8DB35B411A89415000F028EA /* .travis.yml */,
				8DB35B5F1A89415000F028EA /* LICENSE */,
				8DB35B601A89415000F028EA /* MBProgressHUD-Prefix.pch */,
				8DB35B611A89415000F028EA /* MBProgressHUD.h */,
				8DB35B621A89415000F028EA /* MBProgressHUD.m */,
				8DB35B631A89415000F028EA /* MBProgressHUD.podspec */,
				8DB35B641A89415000F028EA /* MBProgressHUD.xcodeproj */,
				8DB35B671A89415000F028EA /* MBProgressHUD.xcworkspace */,
				8DB35B681A89415000F028EA /* README.mdown */,
			);
			path = MBProgressHUD;
			sourceTree = "<group>";
		};
		8DB35B651A89415000F028EA /* Products */ = {
			isa = PBXGroup;
			children = (
				8DB35B871A89415000F028EA /* libMBProgressHUD.a */,
			);
			name = Products;
			sourceTree = "<group>";
		};
		8DE507761A6007D80015C96D /* HTMLReader */ = {
			isa = PBXGroup;
			children = (
				8DE507771A6007D80015C96D /* HTMLComment.h */,
				8DE507781A6007D80015C96D /* HTMLComment.m */,
				8DE507791A6007D80015C96D /* HTMLDocument.h */,
				8DE5077A1A6007D80015C96D /* HTMLDocument.m */,
				8DE5077B1A6007D80015C96D /* HTMLDocumentType.h */,
				8DE5077C1A6007D80015C96D /* HTMLDocumentType.m */,
				8DE5077D1A6007D80015C96D /* HTMLElement.h */,
				8DE5077E1A6007D80015C96D /* HTMLElement.m */,
				8DE5077F1A6007D80015C96D /* HTMLEntities.h */,
				8DE507801A6007D80015C96D /* HTMLEntities.m */,
				8DE507811A6007D80015C96D /* HTMLNamespace.h */,
				8DE507821A6007D80015C96D /* HTMLNode.h */,
				8DE507831A6007D80015C96D /* HTMLNode.m */,
				8DE507841A6007D80015C96D /* HTMLOrderedDictionary.h */,
				8DE507851A6007D80015C96D /* HTMLOrderedDictionary.m */,
				8DE507861A6007D80015C96D /* HTMLParser.h */,
				8DE507871A6007D80015C96D /* HTMLParser.m */,
				8DE507881A6007D80015C96D /* HTMLPreprocessedInputStream.h */,
				8DE507891A6007D80015C96D /* HTMLPreprocessedInputStream.m */,
				8DE5078A1A6007D80015C96D /* HTMLQuirksMode.h */,
				8DE5078B1A6007D80015C96D /* HTMLReader.h */,
				8DE5078C1A6007D80015C96D /* HTMLSelector.h */,
				8DE5078D1A6007D80015C96D /* HTMLSelector.m */,
				8DE5078E1A6007D80015C96D /* HTMLSerialization.h */,
				8DE5078F1A6007D80015C96D /* HTMLSerialization.m */,
				8DE507901A6007D80015C96D /* HTMLString.h */,
				8DE507911A6007D80015C96D /* HTMLString.m */,
				8DE507921A6007D80015C96D /* HTMLSupport.h */,
				8DE507931A6007D80015C96D /* HTMLTextNode.h */,
				8DE507941A6007D80015C96D /* HTMLTextNode.m */,
				8DE507951A6007D80015C96D /* HTMLTokenizer.h */,
				8DE507961A6007D80015C96D /* HTMLTokenizer.m */,
				8DE507971A6007D80015C96D /* HTMLTokenizerState.h */,
				8DE507981A6007D80015C96D /* HTMLTreeEnumerator.h */,
				8DE507991A6007D80015C96D /* HTMLTreeEnumerator.m */,
				8DE5079A1A6007D80015C96D /* NSString+HTMLEntities.h */,
				8DE5079B1A6007D80015C96D /* NSString+HTMLEntities.m */,
			);
			name = HTMLReader;
			path = "Ohel Shem/HTMLReader";
			sourceTree = "<group>";
		};
		8DE7C9281A549AC200190B79 /* iRate */ = {
			isa = PBXGroup;
			children = (
				8DE7C9291A549AC200190B79 /* iRate.bundle */,
				8DE7C92A1A549AC200190B79 /* iRate.h */,
				8DE7C92B1A549AC200190B79 /* iRate.m */,
			);
			path = iRate;
			sourceTree = "<group>";
		};
		8DE7C9501A58136100190B79 /* png */ = {
			isa = PBXGroup;
			children = (
				8D74886C1BA6AFC60002E331 /* ohel.png */,
				8DE7C9511A58136100190B79 /* 3slidecell.png */,
				8DE7C95B1A5813F300190B79 /* 6slidecell.png */,
				8DE7C9521A58136100190B79 /* 5slidecell.png */,
				8DE7C9531A58136100190B79 /* 2slidecell.png */,
				8DE7C9541A58136100190B79 /* 8slidecell.png */,
				8DE7C95D1A58142200190B79 /* 7slidecell.png */,
				8DE7C9551A58136100190B79 /* 1slidecell.png */,
				8D00BFD81A6469A10098A608 /* 0slidecell.png */,
				8DB35B3B1A87B64A00F028EA /* 4slidecell.png */,
			);
			path = png;
			sourceTree = "<group>";
		};
		8DE7C95F1A58566C00190B79 /* iphone */ = {
			isa = PBXGroup;
			children = (
				8DE7C9601A58566C00190B79 /* appicon-60.png */,
				8DE7C9611A58566C00190B79 /* appicon-60@2x.png */,
				8DE7C9621A58566C00190B79 /* appicon-60@3x.png */,
				8DE7C9631A58566C00190B79 /* appicon-72.png */,
				8DE7C9641A58566C00190B79 /* appicon-72@2x.png */,
				8DE7C9651A58566C00190B79 /* appicon-76.png */,
				8DE7C9661A58566C00190B79 /* appicon-76@2x.png */,
				8DE7C9671A58566C00190B79 /* appicon-Small-40.png */,
				8DE7C9681A58566C00190B79 /* appicon-Small-40@2x.png */,
				8DE7C9691A58566C00190B79 /* appicon-Small-50.png */,
				8DE7C96A1A58566C00190B79 /* appicon-Small-50@2x.png */,
				8DE7C96B1A58566C00190B79 /* appicon-Small.png */,
				8DE7C96C1A58566C00190B79 /* appicon-Small@2x.png */,
				8DE7C96D1A58566C00190B79 /* appicon-Small@3x.png */,
				8DE7C96E1A58566C00190B79 /* appicon.png */,
				8DE7C96F1A58566C00190B79 /* appicon@2x.png */,
				8DE7C9701A58566C00190B79 /* iTunesArtwork */,
				8DE7C9711A58566C00190B79 /* iTunesArtwork@2x */,
			);
			path = iphone;
			sourceTree = "<group>";
		};
		8DE7C9851A5AB4DE00190B79 /* CFSSpringTableView-master */ = {
			isa = PBXGroup;
			children = (
				8DE7C9861A5AB4DE00190B79 /* CFSSpringTableView.h */,
				8DE7C9871A5AB4DE00190B79 /* CFSSpringTableView.m */,
				8DE7C9881A5AB4DE00190B79 /* CFSSpringTableView.podspec */,
				8DE7C9891A5AB4DE00190B79 /* README.md */,
			);
			path = "CFSSpringTableView-master";
			sourceTree = "<group>";
		};
		EE679281103428A77D1C5A98 /* Pods */ = {
			isa = PBXGroup;
			children = (
				6437CC546F22D1294AF5E477 /* Pods-Ohel Shem.debug.xcconfig */,
				EDC825639C26CC4031F4CFCD /* Pods-Ohel Shem.release.xcconfig */,
			);
			name = Pods;
			sourceTree = "<group>";
		};
/* End PBXGroup section */

/* Begin PBXNativeTarget section */
		8D3FAF321A53BDF60008EB99 /* Ohel-Shem Ext */ = {
			isa = PBXNativeTarget;
			buildConfigurationList = 8D3FAF431A53BDF60008EB99 /* Build configuration list for PBXNativeTarget "Ohel-Shem Ext" */;
			buildPhases = (
				8D3FAF2F1A53BDF60008EB99 /* Sources */,
				8D3FAF301A53BDF60008EB99 /* Frameworks */,
				8D3FAF311A53BDF60008EB99 /* Resources */,
				8D3FAF451A54289F0008EB99 /* ShellScript */,
			);
			buildRules = (
			);
			dependencies = (
			);
			name = "Ohel-Shem Ext";
			productName = "Ohel-Shem Ext";
			productReference = 8D3FAF331A53BDF60008EB99 /* Ohel-Shem Ext.appex */;
			productType = "com.apple.product-type.app-extension";
		};
		8D41A7D41A53341800168254 /* Ohel Shem */ = {
			isa = PBXNativeTarget;
			buildConfigurationList = 8D41A7F41A53341800168254 /* Build configuration list for PBXNativeTarget "Ohel Shem" */;
			buildPhases = (
				EF504014DEBFA5DBA208385A /* Check Pods Manifest.lock */,
				8D41A7D31A53341800168254 /* Resources */,
				8D1157351A7680D70073CB5F /* ShellScript */,
				8D41A7D11A53341800168254 /* Sources */,
				8D41A7D21A53341800168254 /* Frameworks */,
				8D3FAF441A53BDF60008EB99 /* Embed App Extensions */,
				8DE7C93E1A55F91D00190B79 /* ShellScript */,
				9D344C35E1C1A25A2BE86C71 /* Embed Pods Frameworks */,
				5BA2E77B1EB912A71D6A2760 /* Copy Pods Resources */,
				8DC309631BA1E5DB003947E7 /* Embed Watch Content */,
				8DE4C8711BA37FB100AAFF9F /* ShellScript */,
			);
			buildRules = (
			);
			dependencies = (
				8D3FAF3F1A53BDF60008EB99 /* PBXTargetDependency */,
			);
			name = "Ohel Shem";
			productName = "Ohel Shem";
			productReference = 8D41A7D51A53341800168254 /* Ohel Shem.app */;
			productType = "com.apple.product-type.application";
		};
		8D41A7E91A53341800168254 /* Ohel ShemTests */ = {
			isa = PBXNativeTarget;
			buildConfigurationList = 8D41A7F71A53341800168254 /* Build configuration list for PBXNativeTarget "Ohel ShemTests" */;
			buildPhases = (
				8D41A7E61A53341800168254 /* Sources */,
				8D41A7E71A53341800168254 /* Frameworks */,
				8D41A7E81A53341800168254 /* Resources */,
			);
			buildRules = (
			);
			dependencies = (
				8D41A7EC1A53341800168254 /* PBXTargetDependency */,
			);
			name = "Ohel ShemTests";
			productName = "Ohel ShemTests";
			productReference = 8D41A7EA1A53341800168254 /* Ohel ShemTests.xctest */;
			productType = "com.apple.product-type.bundle.unit-test";
		};
/* End PBXNativeTarget section */

/* Begin PBXProject section */
		8D41A7CD1A53341800168254 /* Project object */ = {
			isa = PBXProject;
			attributes = {
				LastSwiftMigration = 0700;
				LastSwiftUpdateCheck = 0700;
				LastUpgradeCheck = 0700;
				ORGANIZATIONNAME = "Lior Pollak";
				TargetAttributes = {
					8D3FAF321A53BDF60008EB99 = {
						CreatedOnToolsVersion = 6.1.1;
						DevelopmentTeam = 7267MS8BRL;
						SystemCapabilities = {
							com.apple.ApplicationGroups.iOS = {
								enabled = 1;
							};
						};
					};
					8D41A7D41A53341800168254 = {
						CreatedOnToolsVersion = 6.1.1;
						DevelopmentTeam = 7267MS8BRL;
						SystemCapabilities = {
							com.apple.ApplicationGroups.iOS = {
								enabled = 1;
							};
							com.apple.BackgroundModes = {
								enabled = 0;
							};
							com.apple.Push = {
								enabled = 1;
							};
							com.apple.iCloud = {
								enabled = 0;
							};
						};
					};
					8D41A7E91A53341800168254 = {
						CreatedOnToolsVersion = 6.1.1;
						TestTargetID = 8D41A7D41A53341800168254;
					};
				};
			};
			buildConfigurationList = 8D41A7D01A53341800168254 /* Build configuration list for PBXProject "Ohel Shem" */;
			compatibilityVersion = "Xcode 3.2";
			developmentRegion = English;
			hasScannedForEncodings = 0;
			knownRegions = (
				en,
				Base,
			);
			mainGroup = 8D41A7CC1A53341800168254;
			productRefGroup = 8D41A7D61A53341800168254 /* Products */;
			projectDirPath = "";
			projectReferences = (
				{
					ProductGroup = 8DB35B651A89415000F028EA /* Products */;
					ProjectRef = 8DB35B641A89415000F028EA /* MBProgressHUD.xcodeproj */;
				},
			);
			projectRoot = "";
			targets = (
				8D41A7D41A53341800168254 /* Ohel Shem */,
				8D41A7E91A53341800168254 /* Ohel ShemTests */,
				8D3FAF321A53BDF60008EB99 /* Ohel-Shem Ext */,
			);
		};
/* End PBXProject section */

/* Begin PBXReferenceProxy section */
		8DB35B871A89415000F028EA /* libMBProgressHUD.a */ = {
			isa = PBXReferenceProxy;
			fileType = archive.ar;
			path = libMBProgressHUD.a;
			remoteRef = 8DB35B861A89415000F028EA /* PBXContainerItemProxy */;
			sourceTree = BUILT_PRODUCTS_DIR;
		};
/* End PBXReferenceProxy section */

/* Begin PBXResourcesBuildPhase section */
		8D3FAF311A53BDF60008EB99 /* Resources */ = {
			isa = PBXResourcesBuildPhase;
			buildActionMask = 2147483647;
			files = (
				8D3FAF3D1A53BDF60008EB99 /* MainInterface.storyboard in Resources */,
			);
			runOnlyForDeploymentPostprocessing = 0;
		};
		8D41A7D31A53341800168254 /* Resources */ = {
			isa = PBXResourcesBuildPhase;
			buildActionMask = 2147483647;
			files = (
				8D41A7E01A53341800168254 /* Main.storyboard in Resources */,
				8D0800F01A7E40D0001A92D4 /* Loading-Animation-iOS-Samsel.license in Resources */,
				8DE7C97E1A58566C00190B79 /* appicon-Small@2x.png in Resources */,
				8DE7C95E1A58142200190B79 /* 7slidecell.png in Resources */,
				8DE7C9761A58566C00190B79 /* appicon-72@2x.png in Resources */,
				8DE7C9771A58566C00190B79 /* appicon-76.png in Resources */,
				8D11572C1A767C460073CB5F /* AMSlideMenu.license in Resources */,
				8D1157211A7679C00073CB5F /* Settings.bundle in Resources */,
				8D1157281A767BDE0073CB5F /* iRate.license in Resources */,
				8DE7C9581A58136100190B79 /* 2slidecell.png in Resources */,
				8D41A7E51A53341800168254 /* LaunchScreen.xib in Resources */,
				8DB35B6A1A89415000F028EA /* .travis.yml in Resources */,
				8DE7C98B1A5AB4DE00190B79 /* CFSSpringTableView.podspec in Resources */,
				8DE7C9811A58566C00190B79 /* appicon@2x.png in Resources */,
				8DE7C97F1A58566C00190B79 /* appicon-Small@3x.png in Resources */,
				8DE7C95C1A5813F300190B79 /* 6slidecell.png in Resources */,
				8DE7C9801A58566C00190B79 /* appicon.png in Resources */,
				8D1169CE1A72EE0400B59241 /* WSCoachMarksView.podspec in Resources */,
				8DE7C9741A58566C00190B79 /* appicon-60@3x.png in Resources */,
				8D3FAF491A542D490008EB99 /* list23.png in Resources */,
				8DE7C9751A58566C00190B79 /* appicon-72.png in Resources */,
				8D11572E1A767C870073CB5F /* FBShimmering.license in Resources */,
				8D1157341A7680AD0073CB5F /* Acknowledgements.py in Resources */,
				8D861FEF1A6F8976005EEA7A /* Alef-Bold.ttf in Resources */,
				8DE7C93A1A55780D00190B79 /* logo.gif in Resources */,
				8D1157371A76813D0073CB5F /* CFSSpringTableView.license in Resources */,
				8D65ABB21BC0764900CE1442 /* tests12.json in Resources */,
				8DE7C9791A58566C00190B79 /* appicon-Small-40.png in Resources */,
				8DE7C97C1A58566C00190B79 /* appicon-Small-50@2x.png in Resources */,
				8DE7C9571A58136100190B79 /* 5slidecell.png in Resources */,
				8DE7C97D1A58566C00190B79 /* appicon-Small.png in Resources */,
				8DE7C95A1A58136100190B79 /* 1slidecell.png in Resources */,
				8DB35B801A89415000F028EA /* MBProgressHUD.xcworkspace in Resources */,
				8D41A7E21A53341800168254 /* Images.xcassets in Resources */,
				8DE7C92C1A549AC200190B79 /* iRate.bundle in Resources */,
				8DE7C97B1A58566C00190B79 /* appicon-Small-50.png in Resources */,
				8DE7C9731A58566C00190B79 /* appicon-60@2x.png in Resources */,
				8DE7C9561A58136100190B79 /* 3slidecell.png in Resources */,
				8D11572A1A767C0E0073CB5F /* Siren.license in Resources */,
				8D1157321A767D4A0073CB5F /* Alef.license in Resources */,
				8D00BFD91A6469A10098A608 /* 0slidecell.png in Resources */,
				8D74886D1BA6AFC60002E331 /* ohel.png in Resources */,
				8DB35B3E1A87B6AA00F028EA /* MBProgressHUD.license in Resources */,
				8D65ABAF1BC0764900CE1442 /* tests9.json in Resources */,
				8DE7C9721A58566C00190B79 /* appicon-60.png in Resources */,
				8DE7C97A1A58566C00190B79 /* appicon-Small-40@2x.png in Resources */,
				8DB35B7F1A89415000F028EA /* MBProgressHUD.podspec in Resources */,
				8D65ABB01BC0764900CE1442 /* tests10.json in Resources */,
				8D74886B1BA4432B0002E331 /* timetable.json in Resources */,
				8DB35B3C1A87B64A00F028EA /* 4slidecell.png in Resources */,
				8D65ABB11BC0764900CE1442 /* tests11.json in Resources */,
				8DE7C9781A58566C00190B79 /* appicon-76@2x.png in Resources */,
				8D13C0B01A8F718500B3472A /* LaunchImages7.xcassets in Resources */,
				8D1157301A767CC30073CB5F /* WSCoachMarksView.license in Resources */,
				8D861FED1A6F896E005EEA7A /* Alef-Regular.ttf in Resources */,
				8DE7C9591A58136100190B79 /* 8slidecell.png in Resources */,
			);
			runOnlyForDeploymentPostprocessing = 0;
		};
		8D41A7E81A53341800168254 /* Resources */ = {
			isa = PBXResourcesBuildPhase;
			buildActionMask = 2147483647;
			files = (
			);
			runOnlyForDeploymentPostprocessing = 0;
		};
/* End PBXResourcesBuildPhase section */

/* Begin PBXShellScriptBuildPhase section */
		5BA2E77B1EB912A71D6A2760 /* Copy Pods Resources */ = {
			isa = PBXShellScriptBuildPhase;
			buildActionMask = 2147483647;
			files = (
			);
			inputPaths = (
			);
			name = "Copy Pods Resources";
			outputPaths = (
			);
			runOnlyForDeploymentPostprocessing = 0;
			shellPath = /bin/sh;
			shellScript = "\"${SRCROOT}/Pods/Target Support Files/Pods-Ohel Shem/Pods-Ohel Shem-resources.sh\"\n";
			showEnvVarsInLog = 0;
		};
		8D1157351A7680D70073CB5F /* ShellScript */ = {
			isa = PBXShellScriptBuildPhase;
			buildActionMask = 2147483647;
			files = (
			);
			inputPaths = (
			);
			outputPaths = (
			);
			runOnlyForDeploymentPostprocessing = 0;
			shellPath = /bin/sh;
			shellScript = "/usr/bin/python /Users/liorpollak/Documents/Development/Experimental/Ohel\\ Shem/Ohel\\ Shem/Licenses/Acknowledgements.py";
		};
		8D3FAF451A54289F0008EB99 /* ShellScript */ = {
			isa = PBXShellScriptBuildPhase;
			buildActionMask = 2147483647;
			files = (
			);
			inputPaths = (
			);
			outputPaths = (
			);
			runOnlyForDeploymentPostprocessing = 0;
			shellPath = /bin/sh;
			shellScript = "#!/bin/bash\nbuildNumber=$(/usr/libexec/PlistBuddy -c \"Print CFBundleVersion\" \"$INFOPLIST_FILE\")\nbuildNumber=$(($buildNumber + 1))\n/usr/libexec/PlistBuddy -c \"Set :CFBundleVersion $buildNumber\" \"$INFOPLIST_FILE\"";
		};
		8DE4C8711BA37FB100AAFF9F /* ShellScript */ = {
			isa = PBXShellScriptBuildPhase;
			buildActionMask = 2147483647;
			files = (
			);
			inputPaths = (
			);
			outputPaths = (
			);
			runOnlyForDeploymentPostprocessing = 0;
			shellPath = /bin/sh;
			shellScript = "\"${PODS_ROOT}/Fabric/Fabric.framework/run\" 9e4dce43dfba49a9386ebed039ab07d466d9596d 8827d3d8b50d289dc30615e09acd8041a2cea11804deba09e8075ca3067a2163";
		};
		8DE7C93E1A55F91D00190B79 /* ShellScript */ = {
			isa = PBXShellScriptBuildPhase;
			buildActionMask = 2147483647;
			files = (
			);
			inputPaths = (
			);
			outputPaths = (
			);
			runOnlyForDeploymentPostprocessing = 0;
			shellPath = /bin/sh;
			shellScript = "#!/bin/bash\nbuildNumber=$(/usr/libexec/PlistBuddy -c \"Print CFBundleVersion\" \"$INFOPLIST_FILE\")\nbuildNumber=$(($buildNumber + 1))\n/usr/libexec/PlistBuddy -c \"Set :CFBundleVersion $buildNumber\" \"$INFOPLIST_FILE\"";
		};
		9D344C35E1C1A25A2BE86C71 /* Embed Pods Frameworks */ = {
			isa = PBXShellScriptBuildPhase;
			buildActionMask = 2147483647;
			files = (
			);
			inputPaths = (
			);
			name = "Embed Pods Frameworks";
			outputPaths = (
			);
			runOnlyForDeploymentPostprocessing = 0;
			shellPath = /bin/sh;
			shellScript = "\"${SRCROOT}/Pods/Target Support Files/Pods-Ohel Shem/Pods-Ohel Shem-frameworks.sh\"\n";
			showEnvVarsInLog = 0;
		};
		EF504014DEBFA5DBA208385A /* Check Pods Manifest.lock */ = {
			isa = PBXShellScriptBuildPhase;
			buildActionMask = 2147483647;
			files = (
			);
			inputPaths = (
			);
			name = "Check Pods Manifest.lock";
			outputPaths = (
			);
			runOnlyForDeploymentPostprocessing = 0;
			shellPath = /bin/sh;
			shellScript = "diff \"${PODS_ROOT}/../Podfile.lock\" \"${PODS_ROOT}/Manifest.lock\" > /dev/null\nif [[ $? != 0 ]] ; then\n    cat << EOM\nerror: The sandbox is not in sync with the Podfile.lock. Run 'pod install' or update your CocoaPods installation.\nEOM\n    exit 1\nfi\n";
			showEnvVarsInLog = 0;
		};
/* End PBXShellScriptBuildPhase section */

/* Begin PBXSourcesBuildPhase section */
		8D3FAF2F1A53BDF60008EB99 /* Sources */ = {
			isa = PBXSourcesBuildPhase;
			buildActionMask = 2147483647;
			files = (
				8D3FAF3B1A53BDF60008EB99 /* TodayViewController.swift in Sources */,
			);
			runOnlyForDeploymentPostprocessing = 0;
		};
		8D41A7D11A53341800168254 /* Sources */ = {
			isa = PBXSourcesBuildPhase;
			buildActionMask = 2147483647;
			files = (
				8DE507A11A6007D80015C96D /* HTMLNode.m in Sources */,
				8DE507A91A6007D80015C96D /* HTMLTokenizer.m in Sources */,
				8D65ABC91BC1CF9D00CE1442 /* AMSlideMenuRightMenuSegue.m in Sources */,
				8DE7C98A1A5AB4DE00190B79 /* CFSSpringTableView.m in Sources */,
				8DE507AA1A6007D80015C96D /* HTMLTreeEnumerator.m in Sources */,
				8D00BFD71A6458FC0098A608 /* MainHomePage.swift in Sources */,
				8D65ABC61BC1CF9D00CE1442 /* AMSlideMenuLeftMenuSegue.m in Sources */,
				8DE507A21A6007D80015C96D /* HTMLOrderedDictionary.m in Sources */,
				8DB35B7E1A89415000F028EA /* MBProgressHUD.m in Sources */,
				8DE507A51A6007D80015C96D /* HTMLSelector.m in Sources */,
				8D3FAF471A542B680008EB99 /* SettingsController.swift in Sources */,
				8DE5079F1A6007D80015C96D /* HTMLElement.m in Sources */,
				8D3FAF2C1A535AF40008EB99 /* TestSys.swift in Sources */,
				8D3FAF2E1A535BB10008EB99 /* HourSys.swift in Sources */,
				8D861FEA1A6D363B005EEA7A /* HourSystemViewControllerManager.swift in Sources */,
				8DE507A71A6007D80015C96D /* HTMLString.m in Sources */,
				8DE7C9401A55FE0000190B79 /* CustomMenuCell.swift in Sources */,
				8DE7C92D1A549AC200190B79 /* iRate.m in Sources */,
				8D65ABC81BC1CF9D00CE1442 /* AMSlideMenuMainViewController.m in Sources */,
				8D41A8131A5335CD00168254 /* SlideMenu.swift in Sources */,
				8DE5079C1A6007D80015C96D /* HTMLComment.m in Sources */,
				8DE507A81A6007D80015C96D /* HTMLTextNode.m in Sources */,
				8DE7C9421A56CBDF00190B79 /* FirstTimeHere.swift in Sources */,
				8D65ABC51BC1CF9D00CE1442 /* AMSlideMenuContentSegue.m in Sources */,
				8D41A7DD1A53341800168254 /* MainViewController.swift in Sources */,
				8DE7C94F1A56D54000190B79 /* NewsSys.swift in Sources */,
				8DE5079E1A6007D80015C96D /* HTMLDocumentType.m in Sources */,
				8DE507A01A6007D80015C96D /* HTMLEntities.m in Sources */,
				8D65ABCA1BC1CF9D00CE1442 /* AMSlideMenuRightTableViewController.m in Sources */,
				8D65ABCB1BC1CF9D00CE1442 /* UIViewController+AMSlideMenu.m in Sources */,
				8D41A8151A5338C700168254 /* ChangesSys.swift in Sources */,
				8DE5079D1A6007D80015C96D /* HTMLDocument.m in Sources */,
				8D00BFC61A6166AB0098A608 /* FBShimmeringLayer.m in Sources */,
				8D3FAF5D1A5480B30008EB99 /* SchoolTerms.swift in Sources */,
				8DF695361A606514008851E0 /* FirstTimeHereViewControllerManager.swift in Sources */,
				8DE507A61A6007D80015C96D /* HTMLSerialization.m in Sources */,
				8DE507AB1A6007D80015C96D /* NSString+HTMLEntities.m in Sources */,
				8DE507A41A6007D80015C96D /* HTMLPreprocessedInputStream.m in Sources */,
				8DE507A31A6007D80015C96D /* HTMLParser.m in Sources */,
				8D00BFC71A6166AB0098A608 /* FBShimmeringView.m in Sources */,
				8D861FF21A724A8D005EEA7A /* CustomTestCell.swift in Sources */,
				8D8133111A73F61B0021F959 /* SchoolWebsiteDataManager.swift in Sources */,
				8D05A7711BADC09E007C01E0 /* UIExtensions.swift in Sources */,
				8D65ABC71BC1CF9D00CE1442 /* AMSlideMenuLeftTableViewController.m in Sources */,
				8D1169CD1A72EE0400B59241 /* WSCoachMarksView.m in Sources */,
				8D41A7DB1A53341800168254 /* AppDelegate.swift in Sources */,
			);
			runOnlyForDeploymentPostprocessing = 0;
		};
		8D41A7E61A53341800168254 /* Sources */ = {
			isa = PBXSourcesBuildPhase;
			buildActionMask = 2147483647;
			files = (
				8D41A7F11A53341800168254 /* Ohel_ShemTests.swift in Sources */,
			);
			runOnlyForDeploymentPostprocessing = 0;
		};
/* End PBXSourcesBuildPhase section */

/* Begin PBXTargetDependency section */
		8D3FAF3F1A53BDF60008EB99 /* PBXTargetDependency */ = {
			isa = PBXTargetDependency;
			target = 8D3FAF321A53BDF60008EB99 /* Ohel-Shem Ext */;
			targetProxy = 8D3FAF3E1A53BDF60008EB99 /* PBXContainerItemProxy */;
		};
		8D41A7EC1A53341800168254 /* PBXTargetDependency */ = {
			isa = PBXTargetDependency;
			target = 8D41A7D41A53341800168254 /* Ohel Shem */;
			targetProxy = 8D41A7EB1A53341800168254 /* PBXContainerItemProxy */;
		};
/* End PBXTargetDependency section */

/* Begin PBXVariantGroup section */
		8D41A7DE1A53341800168254 /* Main.storyboard */ = {
			isa = PBXVariantGroup;
			children = (
				8D41A7DF1A53341800168254 /* Base */,
			);
			name = Main.storyboard;
			sourceTree = "<group>";
		};
		8D41A7E31A53341800168254 /* LaunchScreen.xib */ = {
			isa = PBXVariantGroup;
			children = (
				8D41A7E41A53341800168254 /* Base */,
			);
			name = LaunchScreen.xib;
			sourceTree = "<group>";
		};
/* End PBXVariantGroup section */

/* Begin XCBuildConfiguration section */
		8D3FAF411A53BDF60008EB99 /* Debug */ = {
			isa = XCBuildConfiguration;
			buildSettings = {
				CODE_SIGN_ENTITLEMENTS = "Ohel-Shem Ext/Ohel-Shem Ext.entitlements";
				CODE_SIGN_IDENTITY = "iPhone Developer";
				"CODE_SIGN_IDENTITY[sdk=iphoneos*]" = "iPhone Developer";
				DEBUG_INFORMATION_FORMAT = dwarf;
				FRAMEWORK_SEARCH_PATHS = "$(inherited)";
				GCC_OPTIMIZATION_LEVEL = 3;
				GCC_PREPROCESSOR_DEFINITIONS = (
					"DEBUG=1",
					"$(inherited)",
				);
				INFOPLIST_FILE = "Ohel-Shem Ext/Info.plist";
				IPHONEOS_DEPLOYMENT_TARGET = 8.0;
				LD_RUNPATH_SEARCH_PATHS = "$(inherited) @executable_path/Frameworks @executable_path/../../Frameworks";
				PRODUCT_BUNDLE_IDENTIFIER = "liorpollak.Ohel-Shem.$(PRODUCT_NAME:rfc1034identifier)";
				PRODUCT_NAME = "$(TARGET_NAME)";
				PROVISIONING_PROFILE = "";
				SKIP_INSTALL = YES;
			};
			name = Debug;
		};
		8D3FAF421A53BDF60008EB99 /* Release */ = {
			isa = XCBuildConfiguration;
			buildSettings = {
				CODE_SIGN_ENTITLEMENTS = "Ohel-Shem Ext/Ohel-Shem Ext.entitlements";
				CODE_SIGN_IDENTITY = "iPhone Developer";
				"CODE_SIGN_IDENTITY[sdk=iphoneos*]" = "iPhone Developer";
				FRAMEWORK_SEARCH_PATHS = "$(inherited)";
				INFOPLIST_FILE = "Ohel-Shem Ext/Info.plist";
				IPHONEOS_DEPLOYMENT_TARGET = 8.0;
				LD_RUNPATH_SEARCH_PATHS = "$(inherited) @executable_path/Frameworks @executable_path/../../Frameworks";
				PRODUCT_BUNDLE_IDENTIFIER = "liorpollak.Ohel-Shem.$(PRODUCT_NAME:rfc1034identifier)";
				PRODUCT_NAME = "$(TARGET_NAME)";
				PROVISIONING_PROFILE = "";
				SKIP_INSTALL = YES;
			};
			name = Release;
		};
		8D41A7F21A53341800168254 /* Debug */ = {
			isa = XCBuildConfiguration;
			buildSettings = {
				ALWAYS_SEARCH_USER_PATHS = NO;
				CLANG_CXX_LANGUAGE_STANDARD = "gnu++0x";
				CLANG_CXX_LIBRARY = "libc++";
				CLANG_ENABLE_MODULES = YES;
				CLANG_ENABLE_OBJC_ARC = YES;
				CLANG_WARN_BOOL_CONVERSION = YES;
				CLANG_WARN_CONSTANT_CONVERSION = YES;
				CLANG_WARN_DIRECT_OBJC_ISA_USAGE = YES_ERROR;
				CLANG_WARN_EMPTY_BODY = YES;
				CLANG_WARN_ENUM_CONVERSION = YES;
				CLANG_WARN_INT_CONVERSION = YES;
				CLANG_WARN_OBJC_ROOT_CLASS = YES_ERROR;
				CLANG_WARN_UNREACHABLE_CODE = YES;
				CLANG_WARN__DUPLICATE_METHOD_MATCH = YES;
				"CODE_SIGN_IDENTITY[sdk=iphoneos*]" = "iPhone Developer";
				COPY_PHASE_STRIP = NO;
				ENABLE_STRICT_OBJC_MSGSEND = YES;
				ENABLE_TESTABILITY = YES;
				FRAMEWORK_SEARCH_PATHS = "$(SRCROOT)";
				GCC_C_LANGUAGE_STANDARD = gnu99;
				GCC_DYNAMIC_NO_PIC = NO;
				GCC_OPTIMIZATION_LEVEL = 0;
				GCC_PREPROCESSOR_DEFINITIONS = (
					"DEBUG=1",
					"$(inherited)",
				);
				GCC_SYMBOLS_PRIVATE_EXTERN = NO;
				GCC_WARN_64_TO_32_BIT_CONVERSION = YES;
				GCC_WARN_ABOUT_RETURN_TYPE = YES_ERROR;
				GCC_WARN_UNDECLARED_SELECTOR = YES;
				GCC_WARN_UNINITIALIZED_AUTOS = YES_AGGRESSIVE;
				GCC_WARN_UNUSED_FUNCTION = YES;
				GCC_WARN_UNUSED_VARIABLE = YES;
				IPHONEOS_DEPLOYMENT_TARGET = 8.0;
				MTL_ENABLE_DEBUG_INFO = YES;
				ONLY_ACTIVE_ARCH = YES;
				SDKROOT = iphoneos;
				SWIFT_OPTIMIZATION_LEVEL = "-Onone";
				TARGETED_DEVICE_FAMILY = "1,2";
			};
			name = Debug;
		};
		8D41A7F31A53341800168254 /* Release */ = {
			isa = XCBuildConfiguration;
			buildSettings = {
				ALWAYS_SEARCH_USER_PATHS = NO;
				CLANG_CXX_LANGUAGE_STANDARD = "gnu++0x";
				CLANG_CXX_LIBRARY = "libc++";
				CLANG_ENABLE_MODULES = YES;
				CLANG_ENABLE_OBJC_ARC = YES;
				CLANG_WARN_BOOL_CONVERSION = YES;
				CLANG_WARN_CONSTANT_CONVERSION = YES;
				CLANG_WARN_DIRECT_OBJC_ISA_USAGE = YES_ERROR;
				CLANG_WARN_EMPTY_BODY = YES;
				CLANG_WARN_ENUM_CONVERSION = YES;
				CLANG_WARN_INT_CONVERSION = YES;
				CLANG_WARN_OBJC_ROOT_CLASS = YES_ERROR;
				CLANG_WARN_UNREACHABLE_CODE = YES;
				CLANG_WARN__DUPLICATE_METHOD_MATCH = YES;
				"CODE_SIGN_IDENTITY[sdk=iphoneos*]" = "iPhone Developer";
				COPY_PHASE_STRIP = NO;
				ENABLE_NS_ASSERTIONS = NO;
				ENABLE_STRICT_OBJC_MSGSEND = YES;
				FRAMEWORK_SEARCH_PATHS = "$(SRCROOT)";
				GCC_C_LANGUAGE_STANDARD = gnu99;
				GCC_WARN_64_TO_32_BIT_CONVERSION = YES;
				GCC_WARN_ABOUT_RETURN_TYPE = YES_ERROR;
				GCC_WARN_UNDECLARED_SELECTOR = YES;
				GCC_WARN_UNINITIALIZED_AUTOS = YES_AGGRESSIVE;
				GCC_WARN_UNUSED_FUNCTION = YES;
				GCC_WARN_UNUSED_VARIABLE = YES;
				IPHONEOS_DEPLOYMENT_TARGET = 8.0;
				MTL_ENABLE_DEBUG_INFO = NO;
				SDKROOT = iphoneos;
				TARGETED_DEVICE_FAMILY = "1,2";
				VALIDATE_PRODUCT = YES;
			};
			name = Release;
		};
		8D41A7F51A53341800168254 /* Debug */ = {
			isa = XCBuildConfiguration;
			baseConfigurationReference = 6437CC546F22D1294AF5E477 /* Pods-Ohel Shem.debug.xcconfig */;
			buildSettings = {
				ASSETCATALOG_COMPILER_APPICON_NAME = AppIcon;
				ASSETCATALOG_COMPILER_LAUNCHIMAGE_NAME = LaunchImage;
				CODE_SIGN_ENTITLEMENTS = "Ohel Shem/Ohel Shem.entitlements";
				CODE_SIGN_IDENTITY = "iPhone Developer";
				"CODE_SIGN_IDENTITY[sdk=iphoneos*]" = "iPhone Developer";
				DEBUG_INFORMATION_FORMAT = "dwarf-with-dsym";
				EMBEDDED_CONTENT_CONTAINS_SWIFT = YES;
				FRAMEWORK_SEARCH_PATHS = (
					"$(inherited)",
					"$(PROJECT_DIR)",
				);
				GCC_OPTIMIZATION_LEVEL = 3;
				HEADER_SEARCH_PATHS = (
					"$(inherited)",
					/Applications/Xcode.app/Contents/Developer/Toolchains/XcodeDefault.xctoolchain/usr/include,
					$SDKROOT/usr/include/libxml2,
				);
				INFOPLIST_FILE = "Ohel Shem/Info.plist";
				IPHONEOS_DEPLOYMENT_TARGET = 8.0;
				LD_RUNPATH_SEARCH_PATHS = "$(inherited) @executable_path/Frameworks";
				OTHER_LDFLAGS = (
					"-lxml2",
					"-lc++",
					"$(inherited)",
				);
				PRODUCT_BUNDLE_IDENTIFIER = "liorpollak.$(PRODUCT_NAME:rfc1034identifier)";
				PRODUCT_NAME = "$(TARGET_NAME)";
				PROVISIONING_PROFILE = "";
				SWIFT_OBJC_BRIDGING_HEADER = "/Users/liorpollak/Documents/Development/Experimental/Ohel Shem/Ohel Shem/Ohel-Shem-Bridging-Header.h";
				SWIFT_OPTIMIZATION_LEVEL = "-Onone";
			};
			name = Debug;
		};
		8D41A7F61A53341800168254 /* Release */ = {
			isa = XCBuildConfiguration;
			baseConfigurationReference = EDC825639C26CC4031F4CFCD /* Pods-Ohel Shem.release.xcconfig */;
			buildSettings = {
				ASSETCATALOG_COMPILER_APPICON_NAME = AppIcon;
				ASSETCATALOG_COMPILER_LAUNCHIMAGE_NAME = LaunchImage;
				CODE_SIGN_ENTITLEMENTS = "Ohel Shem/Ohel Shem.entitlements";
				CODE_SIGN_IDENTITY = "iPhone Developer";
				"CODE_SIGN_IDENTITY[sdk=iphoneos*]" = "iPhone Developer";
				EMBEDDED_CONTENT_CONTAINS_SWIFT = YES;
				FRAMEWORK_SEARCH_PATHS = (
					"$(inherited)",
					"$(PROJECT_DIR)",
				);
				HEADER_SEARCH_PATHS = (
					"$(inherited)",
					/Applications/Xcode.app/Contents/Developer/Toolchains/XcodeDefault.xctoolchain/usr/include,
					$SDKROOT/usr/include/libxml2,
				);
				INFOPLIST_FILE = "Ohel Shem/Info.plist";
				IPHONEOS_DEPLOYMENT_TARGET = 8.0;
				LD_RUNPATH_SEARCH_PATHS = "$(inherited) @executable_path/Frameworks";
				OTHER_LDFLAGS = (
					"-lxml2",
					"-lc++",
					"$(inherited)",
				);
				PRODUCT_BUNDLE_IDENTIFIER = "liorpollak.$(PRODUCT_NAME:rfc1034identifier)";
				PRODUCT_NAME = "$(TARGET_NAME)";
				PROVISIONING_PROFILE = "";
				SWIFT_OBJC_BRIDGING_HEADER = "/Users/liorpollak/Documents/Development/Experimental/Ohel Shem/Ohel Shem/Ohel-Shem-Bridging-Header.h";
			};
			name = Release;
		};
		8D41A7F81A53341800168254 /* Debug */ = {
			isa = XCBuildConfiguration;
			buildSettings = {
				BUNDLE_LOADER = "$(TEST_HOST)";
				FRAMEWORK_SEARCH_PATHS = "$(inherited)";
				GCC_PREPROCESSOR_DEFINITIONS = (
					"DEBUG=1",
					"$(inherited)",
				);
				INFOPLIST_FILE = "Ohel ShemTests/Info.plist";
				LD_RUNPATH_SEARCH_PATHS = "$(inherited) @executable_path/Frameworks @loader_path/Frameworks";
				PRODUCT_BUNDLE_IDENTIFIER = "liorpollak.$(PRODUCT_NAME:rfc1034identifier)";
				PRODUCT_NAME = "$(TARGET_NAME)";
				TEST_HOST = "$(BUILT_PRODUCTS_DIR)/Ohel Shem.app/Ohel Shem";
			};
			name = Debug;
		};
		8D41A7F91A53341800168254 /* Release */ = {
			isa = XCBuildConfiguration;
			buildSettings = {
				BUNDLE_LOADER = "$(TEST_HOST)";
				FRAMEWORK_SEARCH_PATHS = "$(inherited)";
				INFOPLIST_FILE = "Ohel ShemTests/Info.plist";
				LD_RUNPATH_SEARCH_PATHS = "$(inherited) @executable_path/Frameworks @loader_path/Frameworks";
				PRODUCT_BUNDLE_IDENTIFIER = "liorpollak.$(PRODUCT_NAME:rfc1034identifier)";
				PRODUCT_NAME = "$(TARGET_NAME)";
				TEST_HOST = "$(BUILT_PRODUCTS_DIR)/Ohel Shem.app/Ohel Shem";
			};
			name = Release;
		};
/* End XCBuildConfiguration section */

/* Begin XCConfigurationList section */
		8D3FAF431A53BDF60008EB99 /* Build configuration list for PBXNativeTarget "Ohel-Shem Ext" */ = {
			isa = XCConfigurationList;
			buildConfigurations = (
				8D3FAF411A53BDF60008EB99 /* Debug */,
				8D3FAF421A53BDF60008EB99 /* Release */,
			);
			defaultConfigurationIsVisible = 0;
			defaultConfigurationName = Release;
		};
		8D41A7D01A53341800168254 /* Build configuration list for PBXProject "Ohel Shem" */ = {
			isa = XCConfigurationList;
			buildConfigurations = (
				8D41A7F21A53341800168254 /* Debug */,
				8D41A7F31A53341800168254 /* Release */,
			);
			defaultConfigurationIsVisible = 0;
			defaultConfigurationName = Release;
		};
		8D41A7F41A53341800168254 /* Build configuration list for PBXNativeTarget "Ohel Shem" */ = {
			isa = XCConfigurationList;
			buildConfigurations = (
				8D41A7F51A53341800168254 /* Debug */,
				8D41A7F61A53341800168254 /* Release */,
			);
			defaultConfigurationIsVisible = 0;
			defaultConfigurationName = Release;
		};
		8D41A7F71A53341800168254 /* Build configuration list for PBXNativeTarget "Ohel ShemTests" */ = {
			isa = XCConfigurationList;
			buildConfigurations = (
				8D41A7F81A53341800168254 /* Debug */,
				8D41A7F91A53341800168254 /* Release */,
			);
			defaultConfigurationIsVisible = 0;
			defaultConfigurationName = Release;
		};
/* End XCConfigurationList section */
	};
	rootObject = 8D41A7CD1A53341800168254 /* Project object */;
}
